// !$*UTF8*$!
{
	archiveVersion = 1;
	classes = {
	};
	objectVersion = 51;
	objects = {

/* Begin PBXBuildFile section */
		4F1FD0801A9559D3006E1795 /* SFContentSoqlSyncDownTarget.m in Sources */ = {isa = PBXBuildFile; fileRef = 4F1FD07F1A9559D3006E1795 /* SFContentSoqlSyncDownTarget.m */; };
		4F22155F19DF549400FF2D26 /* ImageIO.framework in Frameworks */ = {isa = PBXBuildFile; fileRef = 4F22155E19DF549400FF2D26 /* ImageIO.framework */; };
		4F5B96181DA869BD001627F2 /* force.js in Copy js Files */ = {isa = PBXBuildFile; fileRef = 4F5B96131DA86949001627F2 /* force.js */; };
		4F5B96BC1DAD9EC3001627F2 /* com.salesforce.plugin.smartstore.client.js in Copy plugins Files */ = {isa = PBXBuildFile; fileRef = 4F5B96951DAD9EAD001627F2 /* com.salesforce.plugin.smartstore.client.js */; };
		4F5B96BD1DAD9EC3001627F2 /* com.salesforce.util.promiser.js in Copy plugins Files */ = {isa = PBXBuildFile; fileRef = 4F5B96961DAD9EAD001627F2 /* com.salesforce.util.promiser.js */; };
		4F6D6925228E3353008C8A96 /* SalesforceSDKCommon.framework in Embed Frameworks */ = {isa = PBXBuildFile; fileRef = CE15E3B62213E940003BBAC7 /* SalesforceSDKCommon.framework */; settings = {ATTRIBUTES = (CodeSignOnCopy, RemoveHeadersOnCopy, ); }; };
		4F6D692E228E3353008C8A96 /* SalesforceAnalytics.framework in Embed Frameworks */ = {isa = PBXBuildFile; fileRef = CE15E3C62213E943003BBAC7 /* SalesforceAnalytics.framework */; settings = {ATTRIBUTES = (CodeSignOnCopy, RemoveHeadersOnCopy, ); }; };
		4F6D6937228E3353008C8A96 /* SalesforceSDKCore.framework in Embed Frameworks */ = {isa = PBXBuildFile; fileRef = CE15E3D62213E947003BBAC7 /* SalesforceSDKCore.framework */; settings = {ATTRIBUTES = (CodeSignOnCopy, RemoveHeadersOnCopy, ); }; };
		4F6D6940228E3353008C8A96 /* MobileSync.framework in Embed Frameworks */ = {isa = PBXBuildFile; fileRef = CE15E3E62213E94B003BBAC7 /* MobileSync.framework */; settings = {ATTRIBUTES = (CodeSignOnCopy, RemoveHeadersOnCopy, ); }; };
		4F6D6949228E3353008C8A96 /* SmartStore.framework in Embed Frameworks */ = {isa = PBXBuildFile; fileRef = CE15E3F62213E94E003BBAC7 /* SmartStore.framework */; settings = {ATTRIBUTES = (CodeSignOnCopy, RemoveHeadersOnCopy, ); }; };
		4F6D6951228E3353008C8A96 /* SalesforceHybridSDK.framework in Embed Frameworks */ = {isa = PBXBuildFile; fileRef = 829DA2721C1263010040F5F1 /* SalesforceHybridSDK.framework */; settings = {ATTRIBUTES = (CodeSignOnCopy, RemoveHeadersOnCopy, ); }; };
		4F6D6956228E3353008C8A96 /* Cordova.framework in Embed Frameworks */ = {isa = PBXBuildFile; fileRef = CEEF96AC1EB7CEB30059CA79 /* Cordova.framework */; settings = {ATTRIBUTES = (CodeSignOnCopy, RemoveHeadersOnCopy, ); }; };
		4F6D839A19525B66003EBB16 /* AppDelegate+SalesforceHybridSDK.m in Sources */ = {isa = PBXBuildFile; fileRef = 4F6D839619525B66003EBB16 /* AppDelegate+SalesforceHybridSDK.m */; };
		4F6D839B19525B66003EBB16 /* AppDelegate.m in Sources */ = {isa = PBXBuildFile; fileRef = 4F6D839819525B66003EBB16 /* AppDelegate.m */; };
		4FC276B019DCBC6E008F4AA6 /* config.xml in Resources */ = {isa = PBXBuildFile; fileRef = 824A9DC01724CE4600C9BD79 /* config.xml */; };
		4FC276B119DCBC6E008F4AA6 /* InfoPlist.strings in Resources */ = {isa = PBXBuildFile; fileRef = 824A9BDA1721FCA400C9BD79 /* InfoPlist.strings */; };
		4FC276B219DCBC80008F4AA6 /* bootconfig.json in Copy Shared www Files */ = {isa = PBXBuildFile; fileRef = 4FC2768719DCBAD5008F4AA6 /* bootconfig.json */; };
		4FC276B319DCBC80008F4AA6 /* NoteSync.html in Copy Shared www Files */ = {isa = PBXBuildFile; fileRef = 4FC2768819DCBAD5008F4AA6 /* NoteSync.html */; };
		4FC276B419DCBC88008F4AA6 /* ratchet.css in Copy css Files */ = {isa = PBXBuildFile; fileRef = 4FC2768C19DCBB1B008F4AA6 /* ratchet.css */; };
		4FC276B519DCBC88008F4AA6 /* styles.css in Copy css Files */ = {isa = PBXBuildFile; fileRef = 4FC2768D19DCBB1B008F4AA6 /* styles.css */; };
		4FC276B619DCBC93008F4AA6 /* auth.js in Copy js Files */ = {isa = PBXBuildFile; fileRef = 4FC2768F19DCBB1B008F4AA6 /* auth.js */; };
		4FC276B719DCBC93008F4AA6 /* backbone-min.js in Copy js Files */ = {isa = PBXBuildFile; fileRef = 4FC2769019DCBB1B008F4AA6 /* backbone-min.js */; };
		4FC276BA19DCBC93008F4AA6 /* fastclick.js in Copy js Files */ = {isa = PBXBuildFile; fileRef = 4FC2769319DCBB1B008F4AA6 /* fastclick.js */; };
		4FC276BD19DCBC93008F4AA6 /* jquery.min.js in Copy js Files */ = {isa = PBXBuildFile; fileRef = 4FC2769619DCBB1B008F4AA6 /* jquery.min.js */; };
		4FC276C119DCBC93008F4AA6 /* mobilesync.js in Copy js Files */ = {isa = PBXBuildFile; fileRef = 4FC2769A19DCBB1B008F4AA6 /* mobilesync.js */; };
		4FC276C219DCBC93008F4AA6 /* stackrouter.js in Copy js Files */ = {isa = PBXBuildFile; fileRef = 4FC2769B19DCBB1B008F4AA6 /* stackrouter.js */; };
		4FC276C319DCBC93008F4AA6 /* underscore-min.js in Copy js Files */ = {isa = PBXBuildFile; fileRef = 4FC2769C19DCBB1B008F4AA6 /* underscore-min.js */; };
		4FC276C419DCBCA5008F4AA6 /* com.salesforce.plugin.mobilesync.js in Copy plugins Files */ = {isa = PBXBuildFile; fileRef = 4FC2768519DCBAA3008F4AA6 /* com.salesforce.plugin.mobilesync.js */; };
		4FC276C719DCC9CD008F4AA6 /* ratchet-theme-ios.css in Copy css Files */ = {isa = PBXBuildFile; fileRef = 4FC276C519DCC9BD008F4AA6 /* ratchet-theme-ios.css */; };
		4FD3FC6A1DB05B5500646D6D /* force+promise.js in Copy js Files */ = {isa = PBXBuildFile; fileRef = 4FD3FC451DB05B4400646D6D /* force+promise.js */; };
		4FF15E26190884C600705FE0 /* AssetsLibrary.framework in Frameworks */ = {isa = PBXBuildFile; fileRef = 4FF15E25190884C600705FE0 /* AssetsLibrary.framework */; };
		4FF15E94190885CC00705FE0 /* com.salesforce.plugin.oauth.js in Copy plugins Files */ = {isa = PBXBuildFile; fileRef = 4FF15E611908852E00705FE0 /* com.salesforce.plugin.oauth.js */; };
		4FF15E95190885CC00705FE0 /* com.salesforce.plugin.sdkinfo.js in Copy plugins Files */ = {isa = PBXBuildFile; fileRef = 4FF15E621908852E00705FE0 /* com.salesforce.plugin.sdkinfo.js */; };
		4FF15E96190885CC00705FE0 /* com.salesforce.plugin.sfaccountmanager.js in Copy plugins Files */ = {isa = PBXBuildFile; fileRef = 4FF15E631908852E00705FE0 /* com.salesforce.plugin.sfaccountmanager.js */; };
		4FF15E97190885CC00705FE0 /* com.salesforce.plugin.smartstore.js in Copy plugins Files */ = {isa = PBXBuildFile; fileRef = 4FF15E641908852E00705FE0 /* com.salesforce.plugin.smartstore.js */; };
		4FF15E98190885CC00705FE0 /* com.salesforce.util.bootstrap.js in Copy plugins Files */ = {isa = PBXBuildFile; fileRef = 4FF15E651908852E00705FE0 /* com.salesforce.util.bootstrap.js */; };
		4FF15E99190885CC00705FE0 /* com.salesforce.util.event.js in Copy plugins Files */ = {isa = PBXBuildFile; fileRef = 4FF15E661908852E00705FE0 /* com.salesforce.util.event.js */; };
		4FF15E9A190885CC00705FE0 /* com.salesforce.util.exec.js in Copy plugins Files */ = {isa = PBXBuildFile; fileRef = 4FF15E671908852E00705FE0 /* com.salesforce.util.exec.js */; };
		4FF15E9B190885CC00705FE0 /* com.salesforce.util.logger.js in Copy plugins Files */ = {isa = PBXBuildFile; fileRef = 4FF15E681908852E00705FE0 /* com.salesforce.util.logger.js */; };
		4FF15E9E1908860900705FE0 /* cordova.js in Copy Shared www Files */ = {isa = PBXBuildFile; fileRef = 4FF15E9C1908860100705FE0 /* cordova.js */; };
		8230E2461A24181500EFE764 /* Images.xcassets in Resources */ = {isa = PBXBuildFile; fileRef = 8230E2451A24181500EFE764 /* Images.xcassets */; };
		8236ADE21C4DB3EF004B69B8 /* SalesforceHybridSDK.framework in Frameworks */ = {isa = PBXBuildFile; fileRef = 829DA2721C1263010040F5F1 /* SalesforceHybridSDK.framework */; };
		824A9BD21721FCA400C9BD79 /* UIKit.framework in Frameworks */ = {isa = PBXBuildFile; fileRef = 824A9BD11721FCA400C9BD79 /* UIKit.framework */; };
		824A9BD41721FCA400C9BD79 /* Foundation.framework in Frameworks */ = {isa = PBXBuildFile; fileRef = 824A9BD31721FCA400C9BD79 /* Foundation.framework */; };
		824A9BD61721FCA400C9BD79 /* CoreGraphics.framework in Frameworks */ = {isa = PBXBuildFile; fileRef = 824A9BD51721FCA400C9BD79 /* CoreGraphics.framework */; };
		824A9BDE1721FCA400C9BD79 /* main.m in Sources */ = {isa = PBXBuildFile; fileRef = 824A9BDD1721FCA400C9BD79 /* main.m */; };
		824A9DA61724C98900C9BD79 /* AddressBook.framework in Frameworks */ = {isa = PBXBuildFile; fileRef = 824A9DA41724C98900C9BD79 /* AddressBook.framework */; };
		824A9DA71724C98900C9BD79 /* AddressBookUI.framework in Frameworks */ = {isa = PBXBuildFile; fileRef = 824A9DA51724C98900C9BD79 /* AddressBookUI.framework */; };
		824A9DA91724C99800C9BD79 /* AudioToolbox.framework in Frameworks */ = {isa = PBXBuildFile; fileRef = 824A9DA81724C99800C9BD79 /* AudioToolbox.framework */; };
		824A9DAB1724C9C900C9BD79 /* AVFoundation.framework in Frameworks */ = {isa = PBXBuildFile; fileRef = 824A9DAA1724C9C900C9BD79 /* AVFoundation.framework */; };
		824A9DAD1724C9D100C9BD79 /* CFNetwork.framework in Frameworks */ = {isa = PBXBuildFile; fileRef = 824A9DAC1724C9D100C9BD79 /* CFNetwork.framework */; };
		824A9DAF1724C9DB00C9BD79 /* CoreData.framework in Frameworks */ = {isa = PBXBuildFile; fileRef = 824A9DAE1724C9DB00C9BD79 /* CoreData.framework */; };
		824A9DB11724CA1400C9BD79 /* CoreLocation.framework in Frameworks */ = {isa = PBXBuildFile; fileRef = 824A9DB01724CA1400C9BD79 /* CoreLocation.framework */; };
		824A9DB31724CA1C00C9BD79 /* CoreMedia.framework in Frameworks */ = {isa = PBXBuildFile; fileRef = 824A9DB21724CA1C00C9BD79 /* CoreMedia.framework */; };
		824A9DB51724CA5000C9BD79 /* MediaPlayer.framework in Frameworks */ = {isa = PBXBuildFile; fileRef = 824A9DB41724CA5000C9BD79 /* MediaPlayer.framework */; };
		824A9DB71724CA5700C9BD79 /* MessageUI.framework in Frameworks */ = {isa = PBXBuildFile; fileRef = 824A9DB61724CA5700C9BD79 /* MessageUI.framework */; };
		824A9DB91724CAA900C9BD79 /* MobileCoreServices.framework in Frameworks */ = {isa = PBXBuildFile; fileRef = 824A9DB81724CAA900C9BD79 /* MobileCoreServices.framework */; };
		824A9DBB1724CAB100C9BD79 /* QuartzCore.framework in Frameworks */ = {isa = PBXBuildFile; fileRef = 824A9DBA1724CAB100C9BD79 /* QuartzCore.framework */; };
		824A9DBD1724CAB900C9BD79 /* Security.framework in Frameworks */ = {isa = PBXBuildFile; fileRef = 824A9DBC1724CAB900C9BD79 /* Security.framework */; };
		824A9DBF1724CAF900C9BD79 /* SystemConfiguration.framework in Frameworks */ = {isa = PBXBuildFile; fileRef = 824A9DBE1724CAF900C9BD79 /* SystemConfiguration.framework */; };
		82638F0C19B8E1FD00FBB3C9 /* UIApplication+SalesforceHybridSDK.m in Sources */ = {isa = PBXBuildFile; fileRef = 82638F0B19B8E1FD00FBB3C9 /* UIApplication+SalesforceHybridSDK.m */; };
		8272301C19D764160066A350 /* InitialViewController.m in Sources */ = {isa = PBXBuildFile; fileRef = 8272301B19D764160066A350 /* InitialViewController.m */; };
		82AF5AA71A0DA9AD006C7A4B /* cordova_plugins.js in Copy Shared www Files */ = {isa = PBXBuildFile; fileRef = 82AF5AA51A0DA996006C7A4B /* cordova_plugins.js */; };
		82AF5AE61A0DADA4006C7A4B /* CDVLogger.m in Sources */ = {isa = PBXBuildFile; fileRef = 82AF5AE01A0DADA4006C7A4B /* CDVLogger.m */; };
		82AF5AEA1A0DAE72006C7A4B /* console-via-logger.js in Copy cordova-plugin-console plugin */ = {isa = PBXBuildFile; fileRef = 82AF5AE41A0DADA4006C7A4B /* console-via-logger.js */; };
		82AF5AEB1A0DAE72006C7A4B /* logger.js in Copy cordova-plugin-console plugin */ = {isa = PBXBuildFile; fileRef = 82AF5AE51A0DADA4006C7A4B /* logger.js */; };
		B7168F921FACC2E100A48DB5 /* LaunchScreen.storyboard in Resources */ = {isa = PBXBuildFile; fileRef = B7168F911FACC2E100A48DB5 /* LaunchScreen.storyboard */; };
		CE15E3FD2213E969003BBAC7 /* SalesforceAnalytics.framework in Frameworks */ = {isa = PBXBuildFile; fileRef = CE15E3C62213E943003BBAC7 /* SalesforceAnalytics.framework */; };
		CE15E3FE2213E969003BBAC7 /* SalesforceSDKCommon.framework in Frameworks */ = {isa = PBXBuildFile; fileRef = CE15E3B62213E940003BBAC7 /* SalesforceSDKCommon.framework */; };
		CE15E3FF2213E969003BBAC7 /* SalesforceSDKCore.framework in Frameworks */ = {isa = PBXBuildFile; fileRef = CE15E3D62213E947003BBAC7 /* SalesforceSDKCore.framework */; };
		CE15E4002213E971003BBAC7 /* SmartStore.framework in Frameworks */ = {isa = PBXBuildFile; fileRef = CE15E3F62213E94E003BBAC7 /* SmartStore.framework */; };
		CE15E4012213E971003BBAC7 /* MobileSync.framework in Frameworks */ = {isa = PBXBuildFile; fileRef = CE15E3E62213E94B003BBAC7 /* MobileSync.framework */; };
		CE6AB3C01C10CBB90012125E /* libz.tbd in Frameworks */ = {isa = PBXBuildFile; fileRef = CE6AB3BF1C10CBB90012125E /* libz.tbd */; };
		CE6AB3C21C10CBC50012125E /* libxml2.tbd in Frameworks */ = {isa = PBXBuildFile; fileRef = CE6AB3C11C10CBC50012125E /* libxml2.tbd */; };
		CE7BA1EB1D8CB348000B91D7 /* com.salesforce.plugin.network.js in Copy plugins Files */ = {isa = PBXBuildFile; fileRef = CE7BA16C1D8CA3CC000B91D7 /* com.salesforce.plugin.network.js */; };
		CE7BA1EC1D8CB348000B91D7 /* com.salesforce.util.push.js in Copy plugins Files */ = {isa = PBXBuildFile; fileRef = CE7BA16D1D8CA3CC000B91D7 /* com.salesforce.util.push.js */; };
		CEBDA0611D3C04E700DBDBD0 /* CDVAppDelegate.m in Sources */ = {isa = PBXBuildFile; fileRef = CEBDA0601D3C04E700DBDBD0 /* CDVAppDelegate.m */; };
		CEBDA0B71D3C05DF00DBDBD0 /* MainViewController.m in Sources */ = {isa = PBXBuildFile; fileRef = CEBDA0B51D3C05DF00DBDBD0 /* MainViewController.m */; };
		CEBDA0B81D3C05DF00DBDBD0 /* MainViewController.xib in Resources */ = {isa = PBXBuildFile; fileRef = CEBDA0B61D3C05DF00DBDBD0 /* MainViewController.xib */; };
		CED7472B1E8C82370019AA9D /* CDVWKProcessPoolFactory.m in Sources */ = {isa = PBXBuildFile; fileRef = CED747261E8C82370019AA9D /* CDVWKProcessPoolFactory.m */; };
		CED7472C1E8C82370019AA9D /* CDVWKWebViewEngine.m in Sources */ = {isa = PBXBuildFile; fileRef = CED747281E8C82370019AA9D /* CDVWKWebViewEngine.m */; };
		CED7472D1E8C82370019AA9D /* CDVWKWebViewUIDelegate.m in Sources */ = {isa = PBXBuildFile; fileRef = CED7472A1E8C82370019AA9D /* CDVWKWebViewUIDelegate.m */; };
		CED7473A1E8C82D80019AA9D /* ios-wkwebview-exec.js in Resources */ = {isa = PBXBuildFile; fileRef = CED747391E8C82D80019AA9D /* ios-wkwebview-exec.js */; };
		CED747401E8C837F0019AA9D /* ios-wkwebview-exec.js in Copy cordova-plugin-wkwebview-engine */ = {isa = PBXBuildFile; fileRef = CED747391E8C82D80019AA9D /* ios-wkwebview-exec.js */; };
		CED747461E8C86D90019AA9D /* WebKit.framework in Frameworks */ = {isa = PBXBuildFile; fileRef = CED747451E8C86D90019AA9D /* WebKit.framework */; };
		CEEF96D21EB7CECC0059CA79 /* Cordova.framework in Frameworks */ = {isa = PBXBuildFile; fileRef = CEEF96AC1EB7CEB30059CA79 /* Cordova.framework */; };
/* End PBXBuildFile section */

/* Begin PBXContainerItemProxy section */
		4F6D6926228E3353008C8A96 /* PBXContainerItemProxy */ = {
			isa = PBXContainerItemProxy;
			containerPortal = CE15E3AE2213E940003BBAC7 /* SalesforceSDKCommon.xcodeproj */;
			proxyType = 1;
			remoteGlobalIDString = B7136CFD216684A700F6A221;
			remoteInfo = SalesforceSDKCommon;
		};
		4F6D692F228E3353008C8A96 /* PBXContainerItemProxy */ = {
			isa = PBXContainerItemProxy;
			containerPortal = CE15E3BD2213E943003BBAC7 /* SalesforceAnalytics.xcodeproj */;
			proxyType = 1;
			remoteGlobalIDString = CE2B8BCE1CE900F500C6FC6A;
			remoteInfo = SalesforceAnalytics;
		};
		4F6D6938228E3353008C8A96 /* PBXContainerItemProxy */ = {
			isa = PBXContainerItemProxy;
			containerPortal = CE15E3CD2213E947003BBAC7 /* SalesforceSDKCore.xcodeproj */;
			proxyType = 1;
			remoteGlobalIDString = CE4CE26A1C0E449C009F6029;
			remoteInfo = SalesforceSDKCore;
		};
		4F6D6941228E3353008C8A96 /* PBXContainerItemProxy */ = {
			isa = PBXContainerItemProxy;
			containerPortal = CE15E3DD2213E94B003BBAC7 /* MobileSync.xcodeproj */;
			proxyType = 1;
			remoteGlobalIDString = CE4CE2C81C0E463C009F6029;
			remoteInfo = MobileSync;
		};
		4F6D694A228E3353008C8A96 /* PBXContainerItemProxy */ = {
			isa = PBXContainerItemProxy;
			containerPortal = CE15E3ED2213E94E003BBAC7 /* SmartStore.xcodeproj */;
			proxyType = 1;
			remoteGlobalIDString = CE4CE2B81C0E4581009F6029;
			remoteInfo = SmartStore;
		};
		4F6D6952228E3353008C8A96 /* PBXContainerItemProxy */ = {
			isa = PBXContainerItemProxy;
			containerPortal = 829DA26A1C1263010040F5F1 /* SalesforceHybridSDK.xcodeproj */;
			proxyType = 1;
			remoteGlobalIDString = CE4CE2E01C0E465B009F6029;
			remoteInfo = SalesforceHybridSDK;
		};
		4F6D6957228E3353008C8A96 /* PBXContainerItemProxy */ = {
			isa = PBXContainerItemProxy;
			containerPortal = CEEF96A41EB7CEB20059CA79 /* CordovaLib.xcodeproj */;
			proxyType = 1;
			remoteGlobalIDString = C0C01EB11E3911D50056E6CB;
			remoteInfo = Cordova;
		};
		8236ADE41C4DB3EF004B69B8 /* PBXContainerItemProxy */ = {
			isa = PBXContainerItemProxy;
			containerPortal = 829DA26A1C1263010040F5F1 /* SalesforceHybridSDK.xcodeproj */;
			proxyType = 1;
			remoteGlobalIDString = CE4CE2E01C0E465B009F6029;
			remoteInfo = SalesforceHybridSDK;
		};
		829DA2711C1263010040F5F1 /* PBXContainerItemProxy */ = {
			isa = PBXContainerItemProxy;
			containerPortal = 829DA26A1C1263010040F5F1 /* SalesforceHybridSDK.xcodeproj */;
			proxyType = 2;
			remoteGlobalIDString = CE4CE2E11C0E465B009F6029;
			remoteInfo = SalesforceHybridSDK;
		};
		829DA2731C1263010040F5F1 /* PBXContainerItemProxy */ = {
			isa = PBXContainerItemProxy;
			containerPortal = 829DA26A1C1263010040F5F1 /* SalesforceHybridSDK.xcodeproj */;
			proxyType = 2;
			remoteGlobalIDString = 82EFF2FF16E8049500A63CDF;
			remoteInfo = SalesforceHybridSDKTestApp;
		};
		829DA2751C1263010040F5F1 /* PBXContainerItemProxy */ = {
			isa = PBXContainerItemProxy;
			containerPortal = 829DA26A1C1263010040F5F1 /* SalesforceHybridSDK.xcodeproj */;
			proxyType = 2;
			remoteGlobalIDString = 8222729D19C39F4500FC537E;
			remoteInfo = SalesforceHybridSDKTestAppTests;
		};
		829DA2771C1263260040F5F1 /* PBXContainerItemProxy */ = {
			isa = PBXContainerItemProxy;
			containerPortal = 829DA26A1C1263010040F5F1 /* SalesforceHybridSDK.xcodeproj */;
			proxyType = 1;
			remoteGlobalIDString = CE4CE2E01C0E465B009F6029;
			remoteInfo = SalesforceHybridSDK;
		};
		CE15E3B52213E940003BBAC7 /* PBXContainerItemProxy */ = {
			isa = PBXContainerItemProxy;
			containerPortal = CE15E3AE2213E940003BBAC7 /* SalesforceSDKCommon.xcodeproj */;
			proxyType = 2;
			remoteGlobalIDString = B7136CFE216684A700F6A221;
			remoteInfo = SalesforceSDKCommon;
		};
		CE15E3B72213E940003BBAC7 /* PBXContainerItemProxy */ = {
			isa = PBXContainerItemProxy;
			containerPortal = CE15E3AE2213E940003BBAC7 /* SalesforceSDKCommon.xcodeproj */;
			proxyType = 2;
			remoteGlobalIDString = B7136D07216684A700F6A221;
			remoteInfo = SalesforceSDKCommonTests;
		};
		CE15E3B92213E940003BBAC7 /* PBXContainerItemProxy */ = {
			isa = PBXContainerItemProxy;
			containerPortal = CE15E3AE2213E940003BBAC7 /* SalesforceSDKCommon.xcodeproj */;
			proxyType = 2;
			remoteGlobalIDString = B716A3E4218F6EEA009D407F;
			remoteInfo = SalesforceSDKCommonTestApp;
		};
		CE15E3C52213E943003BBAC7 /* PBXContainerItemProxy */ = {
			isa = PBXContainerItemProxy;
			containerPortal = CE15E3BD2213E943003BBAC7 /* SalesforceAnalytics.xcodeproj */;
			proxyType = 2;
			remoteGlobalIDString = CE2B8BCF1CE900F500C6FC6A;
			remoteInfo = SalesforceAnalytics;
		};
		CE15E3C72213E943003BBAC7 /* PBXContainerItemProxy */ = {
			isa = PBXContainerItemProxy;
			containerPortal = CE15E3BD2213E943003BBAC7 /* SalesforceAnalytics.xcodeproj */;
			proxyType = 2;
			remoteGlobalIDString = CE2B8BD91CE900F500C6FC6A;
			remoteInfo = SalesforceAnalyticsTests;
		};
		CE15E3CB2213E943003BBAC7 /* PBXContainerItemProxy */ = {
			isa = PBXContainerItemProxy;
			containerPortal = CE15E3BD2213E943003BBAC7 /* SalesforceAnalytics.xcodeproj */;
			proxyType = 2;
			remoteGlobalIDString = CE2B8C2A1CE9218900C6FC6A;
			remoteInfo = SalesforceAnalyticsTestApp;
		};
		CE15E3D52213E947003BBAC7 /* PBXContainerItemProxy */ = {
			isa = PBXContainerItemProxy;
			containerPortal = CE15E3CD2213E947003BBAC7 /* SalesforceSDKCore.xcodeproj */;
			proxyType = 2;
			remoteGlobalIDString = CE4CE26B1C0E449C009F6029;
			remoteInfo = SalesforceSDKCore;
		};
		CE15E3D72213E947003BBAC7 /* PBXContainerItemProxy */ = {
			isa = PBXContainerItemProxy;
			containerPortal = CE15E3CD2213E947003BBAC7 /* SalesforceSDKCore.xcodeproj */;
			proxyType = 2;
			remoteGlobalIDString = 82D4642419C7C8170006BDFE;
			remoteInfo = SalesforceSDKCoreTestApp;
		};
		CE15E3D92213E947003BBAC7 /* PBXContainerItemProxy */ = {
			isa = PBXContainerItemProxy;
			containerPortal = CE15E3CD2213E947003BBAC7 /* SalesforceSDKCore.xcodeproj */;
			proxyType = 2;
			remoteGlobalIDString = 4F7EB4151BFFC88200768720;
			remoteInfo = SalesforceSDKCoreTests;
		};
		CE15E3E52213E94B003BBAC7 /* PBXContainerItemProxy */ = {
			isa = PBXContainerItemProxy;
			containerPortal = CE15E3DD2213E94B003BBAC7 /* MobileSync.xcodeproj */;
			proxyType = 2;
			remoteGlobalIDString = CE4CE2C91C0E463C009F6029;
			remoteInfo = MobileSync;
		};
		CE15E3E72213E94B003BBAC7 /* PBXContainerItemProxy */ = {
			isa = PBXContainerItemProxy;
			containerPortal = CE15E3DD2213E94B003BBAC7 /* MobileSync.xcodeproj */;
			proxyType = 2;
			remoteGlobalIDString = 4F06AF2E1C499FD100F70798;
			remoteInfo = MobileSyncTestApp;
		};
		CE15E3E92213E94B003BBAC7 /* PBXContainerItemProxy */ = {
			isa = PBXContainerItemProxy;
			containerPortal = CE15E3DD2213E94B003BBAC7 /* MobileSync.xcodeproj */;
			proxyType = 2;
			remoteGlobalIDString = CEAAAE55195911E600CBBFE9;
			remoteInfo = MobileSyncTests;
		};
		CE15E3F52213E94E003BBAC7 /* PBXContainerItemProxy */ = {
			isa = PBXContainerItemProxy;
			containerPortal = CE15E3ED2213E94E003BBAC7 /* SmartStore.xcodeproj */;
			proxyType = 2;
			remoteGlobalIDString = CE4CE2B91C0E4581009F6029;
			remoteInfo = SmartStore;
		};
		CE15E3F72213E94E003BBAC7 /* PBXContainerItemProxy */ = {
			isa = PBXContainerItemProxy;
			containerPortal = CE15E3ED2213E94E003BBAC7 /* SmartStore.xcodeproj */;
			proxyType = 2;
			remoteGlobalIDString = 4F06AF091C499EB600F70798;
			remoteInfo = SmartStoreTestApp;
		};
		CE15E3F92213E94E003BBAC7 /* PBXContainerItemProxy */ = {
			isa = PBXContainerItemProxy;
			containerPortal = CE15E3ED2213E94E003BBAC7 /* SmartStore.xcodeproj */;
			proxyType = 2;
			remoteGlobalIDString = CEAAAE55195911E600CBBFE9;
			remoteInfo = SmartStoreTests;
		};
		CEEF96A91EB7CEB30059CA79 /* PBXContainerItemProxy */ = {
			isa = PBXContainerItemProxy;
			containerPortal = CEEF96A41EB7CEB20059CA79 /* CordovaLib.xcodeproj */;
			proxyType = 2;
			remoteGlobalIDString = 68A32D7114102E1C006B237C;
			remoteInfo = CordovaLib;
		};
		CEEF96AB1EB7CEB30059CA79 /* PBXContainerItemProxy */ = {
			isa = PBXContainerItemProxy;
			containerPortal = CEEF96A41EB7CEB20059CA79 /* CordovaLib.xcodeproj */;
			proxyType = 2;
			remoteGlobalIDString = C0C01EB21E3911D50056E6CB;
			remoteInfo = Cordova;
		};
		CEEF96D01EB7CEC00059CA79 /* PBXContainerItemProxy */ = {
			isa = PBXContainerItemProxy;
			containerPortal = CEEF96A41EB7CEB20059CA79 /* CordovaLib.xcodeproj */;
			proxyType = 1;
			remoteGlobalIDString = C0C01EB11E3911D50056E6CB;
			remoteInfo = Cordova;
		};
/* End PBXContainerItemProxy section */

/* Begin PBXCopyFilesBuildPhase section */
		4F6D6959228E3354008C8A96 /* Embed Frameworks */ = {
			isa = PBXCopyFilesBuildPhase;
			buildActionMask = 2147483647;
			dstPath = "";
			dstSubfolderSpec = 10;
			files = (
				4F6D6949228E3353008C8A96 /* SmartStore.framework in Embed Frameworks */,
				4F6D6937228E3353008C8A96 /* SalesforceSDKCore.framework in Embed Frameworks */,
				4F6D692E228E3353008C8A96 /* SalesforceAnalytics.framework in Embed Frameworks */,
				4F6D6925228E3353008C8A96 /* SalesforceSDKCommon.framework in Embed Frameworks */,
				4F6D6951228E3353008C8A96 /* SalesforceHybridSDK.framework in Embed Frameworks */,
				4F6D6956228E3353008C8A96 /* Cordova.framework in Embed Frameworks */,
				4F6D6940228E3353008C8A96 /* MobileSync.framework in Embed Frameworks */,
			);
			name = "Embed Frameworks";
			runOnlyForDeploymentPostprocessing = 0;
		};
		824A9D6B1724C35700C9BD79 /* Copy Shared www Files */ = {
			isa = PBXCopyFilesBuildPhase;
			buildActionMask = 2147483647;
			dstPath = www;
			dstSubfolderSpec = 7;
			files = (
				82AF5AA71A0DA9AD006C7A4B /* cordova_plugins.js in Copy Shared www Files */,
				4FC276B219DCBC80008F4AA6 /* bootconfig.json in Copy Shared www Files */,
				4FC276B319DCBC80008F4AA6 /* NoteSync.html in Copy Shared www Files */,
				4FF15E9E1908860900705FE0 /* cordova.js in Copy Shared www Files */,
			);
			name = "Copy Shared www Files";
			runOnlyForDeploymentPostprocessing = 0;
		};
		824A9D6F1724C3B100C9BD79 /* Copy css Files */ = {
			isa = PBXCopyFilesBuildPhase;
			buildActionMask = 2147483647;
			dstPath = www/css;
			dstSubfolderSpec = 7;
			files = (
				4FC276C719DCC9CD008F4AA6 /* ratchet-theme-ios.css in Copy css Files */,
				4FC276B419DCBC88008F4AA6 /* ratchet.css in Copy css Files */,
				4FC276B519DCBC88008F4AA6 /* styles.css in Copy css Files */,
			);
			name = "Copy css Files";
			runOnlyForDeploymentPostprocessing = 0;
		};
		824A9D711724C3DB00C9BD79 /* Copy js Files */ = {
			isa = PBXCopyFilesBuildPhase;
			buildActionMask = 2147483647;
			dstPath = www/js;
			dstSubfolderSpec = 7;
			files = (
				4FD3FC6A1DB05B5500646D6D /* force+promise.js in Copy js Files */,
				4F5B96181DA869BD001627F2 /* force.js in Copy js Files */,
				4FC276B619DCBC93008F4AA6 /* auth.js in Copy js Files */,
				4FC276B719DCBC93008F4AA6 /* backbone-min.js in Copy js Files */,
				4FC276BA19DCBC93008F4AA6 /* fastclick.js in Copy js Files */,
				4FC276BD19DCBC93008F4AA6 /* jquery.min.js in Copy js Files */,
				4FC276C119DCBC93008F4AA6 /* mobilesync.js in Copy js Files */,
				4FC276C219DCBC93008F4AA6 /* stackrouter.js in Copy js Files */,
				4FC276C319DCBC93008F4AA6 /* underscore-min.js in Copy js Files */,
			);
			name = "Copy js Files";
			runOnlyForDeploymentPostprocessing = 0;
		};
		824A9D7A1724C51500C9BD79 /* Copy plugins Files */ = {
			isa = PBXCopyFilesBuildPhase;
			buildActionMask = 2147483647;
			dstPath = www/plugins/com.salesforce;
			dstSubfolderSpec = 7;
			files = (
				4F5B96BC1DAD9EC3001627F2 /* com.salesforce.plugin.smartstore.client.js in Copy plugins Files */,
				4F5B96BD1DAD9EC3001627F2 /* com.salesforce.util.promiser.js in Copy plugins Files */,
				CE7BA1EB1D8CB348000B91D7 /* com.salesforce.plugin.network.js in Copy plugins Files */,
				CE7BA1EC1D8CB348000B91D7 /* com.salesforce.util.push.js in Copy plugins Files */,
				4FC276C419DCBCA5008F4AA6 /* com.salesforce.plugin.mobilesync.js in Copy plugins Files */,
				4FF15E94190885CC00705FE0 /* com.salesforce.plugin.oauth.js in Copy plugins Files */,
				4FF15E95190885CC00705FE0 /* com.salesforce.plugin.sdkinfo.js in Copy plugins Files */,
				4FF15E96190885CC00705FE0 /* com.salesforce.plugin.sfaccountmanager.js in Copy plugins Files */,
				4FF15E97190885CC00705FE0 /* com.salesforce.plugin.smartstore.js in Copy plugins Files */,
				4FF15E98190885CC00705FE0 /* com.salesforce.util.bootstrap.js in Copy plugins Files */,
				4FF15E99190885CC00705FE0 /* com.salesforce.util.event.js in Copy plugins Files */,
				4FF15E9A190885CC00705FE0 /* com.salesforce.util.exec.js in Copy plugins Files */,
				4FF15E9B190885CC00705FE0 /* com.salesforce.util.logger.js in Copy plugins Files */,
			);
			name = "Copy plugins Files";
			runOnlyForDeploymentPostprocessing = 0;
		};
		82AF5AE91A0DADFB006C7A4B /* Copy cordova-plugin-console plugin */ = {
			isa = PBXCopyFilesBuildPhase;
			buildActionMask = 2147483647;
			dstPath = www/plugins/org.apache.cordova.console/www;
			dstSubfolderSpec = 7;
			files = (
				82AF5AEA1A0DAE72006C7A4B /* console-via-logger.js in Copy cordova-plugin-console plugin */,
				82AF5AEB1A0DAE72006C7A4B /* logger.js in Copy cordova-plugin-console plugin */,
			);
			name = "Copy cordova-plugin-console plugin";
			runOnlyForDeploymentPostprocessing = 0;
		};
		CED7473F1E8C83690019AA9D /* Copy cordova-plugin-wkwebview-engine */ = {
			isa = PBXCopyFilesBuildPhase;
			buildActionMask = 2147483647;
			dstPath = www;
			dstSubfolderSpec = 7;
			files = (
				CED747401E8C837F0019AA9D /* ios-wkwebview-exec.js in Copy cordova-plugin-wkwebview-engine */,
			);
			name = "Copy cordova-plugin-wkwebview-engine";
			runOnlyForDeploymentPostprocessing = 0;
		};
/* End PBXCopyFilesBuildPhase section */

/* Begin PBXFileReference section */
		4F1FD07E1A95593A006E1795 /* SFContentSoqlSyncDownTarget.h */ = {isa = PBXFileReference; lastKnownFileType = sourcecode.c.h; path = SFContentSoqlSyncDownTarget.h; sourceTree = "<group>"; };
		4F1FD07F1A9559D3006E1795 /* SFContentSoqlSyncDownTarget.m */ = {isa = PBXFileReference; fileEncoding = 4; lastKnownFileType = sourcecode.c.objc; path = SFContentSoqlSyncDownTarget.m; sourceTree = "<group>"; };
		4F22155E19DF549400FF2D26 /* ImageIO.framework */ = {isa = PBXFileReference; lastKnownFileType = wrapper.framework; name = ImageIO.framework; path = System/Library/Frameworks/ImageIO.framework; sourceTree = SDKROOT; };
		4F5B96131DA86949001627F2 /* force.js */ = {isa = PBXFileReference; fileEncoding = 4; lastKnownFileType = sourcecode.javascript; path = force.js; sourceTree = "<group>"; };
		4F5B96951DAD9EAD001627F2 /* com.salesforce.plugin.smartstore.client.js */ = {isa = PBXFileReference; fileEncoding = 4; lastKnownFileType = sourcecode.javascript; path = com.salesforce.plugin.smartstore.client.js; sourceTree = "<group>"; };
		4F5B96961DAD9EAD001627F2 /* com.salesforce.util.promiser.js */ = {isa = PBXFileReference; fileEncoding = 4; lastKnownFileType = sourcecode.javascript; path = com.salesforce.util.promiser.js; sourceTree = "<group>"; };
		4F6D839619525B66003EBB16 /* AppDelegate+SalesforceHybridSDK.m */ = {isa = PBXFileReference; fileEncoding = 4; lastKnownFileType = sourcecode.c.objc; name = "AppDelegate+SalesforceHybridSDK.m"; path = "../../../../shared/hybrid/AppDelegate+SalesforceHybridSDK.m"; sourceTree = "<group>"; };
		4F6D839719525B66003EBB16 /* AppDelegate+SalesforceHybridSDK.h */ = {isa = PBXFileReference; fileEncoding = 4; lastKnownFileType = sourcecode.c.h; name = "AppDelegate+SalesforceHybridSDK.h"; path = "../../../../shared/hybrid/AppDelegate+SalesforceHybridSDK.h"; sourceTree = "<group>"; };
		4F6D839819525B66003EBB16 /* AppDelegate.m */ = {isa = PBXFileReference; fileEncoding = 4; lastKnownFileType = sourcecode.c.objc; name = AppDelegate.m; path = ../../../../shared/hybrid/AppDelegate.m; sourceTree = "<group>"; };
		4F6D839919525B66003EBB16 /* AppDelegate.h */ = {isa = PBXFileReference; fileEncoding = 4; lastKnownFileType = sourcecode.c.h; name = AppDelegate.h; path = ../../../../shared/hybrid/AppDelegate.h; sourceTree = "<group>"; };
		4FC2768519DCBAA3008F4AA6 /* com.salesforce.plugin.mobilesync.js */ = {isa = PBXFileReference; fileEncoding = 4; lastKnownFileType = sourcecode.javascript; path = com.salesforce.plugin.mobilesync.js; sourceTree = "<group>"; };
		4FC2768719DCBAD5008F4AA6 /* bootconfig.json */ = {isa = PBXFileReference; fileEncoding = 4; lastKnownFileType = text.json; name = bootconfig.json; path = ../../../../external/shared/samples/notesync/bootconfig.json; sourceTree = "<group>"; };
		4FC2768819DCBAD5008F4AA6 /* NoteSync.html */ = {isa = PBXFileReference; fileEncoding = 4; lastKnownFileType = text.html; name = NoteSync.html; path = ../../../../external/shared/samples/notesync/NoteSync.html; sourceTree = "<group>"; };
		4FC2768C19DCBB1B008F4AA6 /* ratchet.css */ = {isa = PBXFileReference; fileEncoding = 4; lastKnownFileType = text.css; path = ratchet.css; sourceTree = "<group>"; };
		4FC2768D19DCBB1B008F4AA6 /* styles.css */ = {isa = PBXFileReference; fileEncoding = 4; lastKnownFileType = text.css; path = styles.css; sourceTree = "<group>"; };
		4FC2768F19DCBB1B008F4AA6 /* auth.js */ = {isa = PBXFileReference; fileEncoding = 4; lastKnownFileType = sourcecode.javascript; path = auth.js; sourceTree = "<group>"; };
		4FC2769019DCBB1B008F4AA6 /* backbone-min.js */ = {isa = PBXFileReference; fileEncoding = 4; lastKnownFileType = sourcecode.javascript; path = "backbone-min.js"; sourceTree = "<group>"; };
		4FC2769319DCBB1B008F4AA6 /* fastclick.js */ = {isa = PBXFileReference; fileEncoding = 4; lastKnownFileType = sourcecode.javascript; path = fastclick.js; sourceTree = "<group>"; };
		4FC2769619DCBB1B008F4AA6 /* jquery.min.js */ = {isa = PBXFileReference; fileEncoding = 4; lastKnownFileType = sourcecode.javascript; path = jquery.min.js; sourceTree = "<group>"; };
		4FC2769A19DCBB1B008F4AA6 /* mobilesync.js */ = {isa = PBXFileReference; fileEncoding = 4; lastKnownFileType = sourcecode.javascript; path = mobilesync.js; sourceTree = "<group>"; };
		4FC2769B19DCBB1B008F4AA6 /* stackrouter.js */ = {isa = PBXFileReference; fileEncoding = 4; lastKnownFileType = sourcecode.javascript; path = stackrouter.js; sourceTree = "<group>"; };
		4FC2769C19DCBB1B008F4AA6 /* underscore-min.js */ = {isa = PBXFileReference; fileEncoding = 4; lastKnownFileType = sourcecode.javascript; path = "underscore-min.js"; sourceTree = "<group>"; };
		4FC276C519DCC9BD008F4AA6 /* ratchet-theme-ios.css */ = {isa = PBXFileReference; fileEncoding = 4; lastKnownFileType = text.css; name = "ratchet-theme-ios.css"; path = "../../../dependencies/ratchet2/ratchet-theme-ios.css"; sourceTree = "<group>"; };
		4FD3FC451DB05B4400646D6D /* force+promise.js */ = {isa = PBXFileReference; fileEncoding = 4; lastKnownFileType = sourcecode.javascript; name = "force+promise.js"; path = "../../../libs/force+promise.js"; sourceTree = "<group>"; };
		4FF15E25190884C600705FE0 /* AssetsLibrary.framework */ = {isa = PBXFileReference; lastKnownFileType = wrapper.framework; name = AssetsLibrary.framework; path = System/Library/Frameworks/AssetsLibrary.framework; sourceTree = SDKROOT; };
		4FF15E611908852E00705FE0 /* com.salesforce.plugin.oauth.js */ = {isa = PBXFileReference; fileEncoding = 4; lastKnownFileType = sourcecode.javascript; path = com.salesforce.plugin.oauth.js; sourceTree = "<group>"; };
		4FF15E621908852E00705FE0 /* com.salesforce.plugin.sdkinfo.js */ = {isa = PBXFileReference; fileEncoding = 4; lastKnownFileType = sourcecode.javascript; path = com.salesforce.plugin.sdkinfo.js; sourceTree = "<group>"; };
		4FF15E631908852E00705FE0 /* com.salesforce.plugin.sfaccountmanager.js */ = {isa = PBXFileReference; fileEncoding = 4; lastKnownFileType = sourcecode.javascript; path = com.salesforce.plugin.sfaccountmanager.js; sourceTree = "<group>"; };
		4FF15E641908852E00705FE0 /* com.salesforce.plugin.smartstore.js */ = {isa = PBXFileReference; fileEncoding = 4; lastKnownFileType = sourcecode.javascript; path = com.salesforce.plugin.smartstore.js; sourceTree = "<group>"; };
		4FF15E651908852E00705FE0 /* com.salesforce.util.bootstrap.js */ = {isa = PBXFileReference; fileEncoding = 4; lastKnownFileType = sourcecode.javascript; path = com.salesforce.util.bootstrap.js; sourceTree = "<group>"; };
		4FF15E661908852E00705FE0 /* com.salesforce.util.event.js */ = {isa = PBXFileReference; fileEncoding = 4; lastKnownFileType = sourcecode.javascript; path = com.salesforce.util.event.js; sourceTree = "<group>"; };
		4FF15E671908852E00705FE0 /* com.salesforce.util.exec.js */ = {isa = PBXFileReference; fileEncoding = 4; lastKnownFileType = sourcecode.javascript; path = com.salesforce.util.exec.js; sourceTree = "<group>"; };
		4FF15E681908852E00705FE0 /* com.salesforce.util.logger.js */ = {isa = PBXFileReference; fileEncoding = 4; lastKnownFileType = sourcecode.javascript; path = com.salesforce.util.logger.js; sourceTree = "<group>"; };
		4FF15E9C1908860100705FE0 /* cordova.js */ = {isa = PBXFileReference; fileEncoding = 4; lastKnownFileType = sourcecode.javascript; name = cordova.js; path = "../../../../external/cordova-ios/cordova-ios/CordovaLib/cordova.js"; sourceTree = "<group>"; };
		8230E2451A24181500EFE764 /* Images.xcassets */ = {isa = PBXFileReference; lastKnownFileType = folder.assetcatalog; name = Images.xcassets; path = "../../../../external/SalesforceMobileSDK-iOS/shared/resources/Images.xcassets"; sourceTree = "<group>"; };
		824A9BCE1721FCA400C9BD79 /* NoteSync.app */ = {isa = PBXFileReference; explicitFileType = wrapper.application; includeInIndex = 0; path = NoteSync.app; sourceTree = BUILT_PRODUCTS_DIR; };
		824A9BD11721FCA400C9BD79 /* UIKit.framework */ = {isa = PBXFileReference; lastKnownFileType = wrapper.framework; name = UIKit.framework; path = System/Library/Frameworks/UIKit.framework; sourceTree = SDKROOT; };
		824A9BD31721FCA400C9BD79 /* Foundation.framework */ = {isa = PBXFileReference; lastKnownFileType = wrapper.framework; name = Foundation.framework; path = System/Library/Frameworks/Foundation.framework; sourceTree = SDKROOT; };
		824A9BD51721FCA400C9BD79 /* CoreGraphics.framework */ = {isa = PBXFileReference; lastKnownFileType = wrapper.framework; name = CoreGraphics.framework; path = System/Library/Frameworks/CoreGraphics.framework; sourceTree = SDKROOT; };
		824A9BD91721FCA400C9BD79 /* NoteSync-Info.plist */ = {isa = PBXFileReference; lastKnownFileType = text.plist.xml; path = "NoteSync-Info.plist"; sourceTree = "<group>"; };
		824A9BDB1721FCA400C9BD79 /* en */ = {isa = PBXFileReference; lastKnownFileType = text.plist.strings; name = en; path = en.lproj/InfoPlist.strings; sourceTree = "<group>"; };
		824A9BDD1721FCA400C9BD79 /* main.m */ = {isa = PBXFileReference; lastKnownFileType = sourcecode.c.objc; path = main.m; sourceTree = "<group>"; };
		824A9BDF1721FCA400C9BD79 /* NoteSync-Prefix.pch */ = {isa = PBXFileReference; lastKnownFileType = sourcecode.c.h; path = "NoteSync-Prefix.pch"; sourceTree = "<group>"; };
		824A9BF91721FE1100C9BD79 /* readme.md */ = {isa = PBXFileReference; fileEncoding = 4; lastKnownFileType = text; path = readme.md; sourceTree = "<group>"; };
		824A9DA41724C98900C9BD79 /* AddressBook.framework */ = {isa = PBXFileReference; lastKnownFileType = wrapper.framework; name = AddressBook.framework; path = System/Library/Frameworks/AddressBook.framework; sourceTree = SDKROOT; };
		824A9DA51724C98900C9BD79 /* AddressBookUI.framework */ = {isa = PBXFileReference; lastKnownFileType = wrapper.framework; name = AddressBookUI.framework; path = System/Library/Frameworks/AddressBookUI.framework; sourceTree = SDKROOT; };
		824A9DA81724C99800C9BD79 /* AudioToolbox.framework */ = {isa = PBXFileReference; lastKnownFileType = wrapper.framework; name = AudioToolbox.framework; path = System/Library/Frameworks/AudioToolbox.framework; sourceTree = SDKROOT; };
		824A9DAA1724C9C900C9BD79 /* AVFoundation.framework */ = {isa = PBXFileReference; lastKnownFileType = wrapper.framework; name = AVFoundation.framework; path = System/Library/Frameworks/AVFoundation.framework; sourceTree = SDKROOT; };
		824A9DAC1724C9D100C9BD79 /* CFNetwork.framework */ = {isa = PBXFileReference; lastKnownFileType = wrapper.framework; name = CFNetwork.framework; path = System/Library/Frameworks/CFNetwork.framework; sourceTree = SDKROOT; };
		824A9DAE1724C9DB00C9BD79 /* CoreData.framework */ = {isa = PBXFileReference; lastKnownFileType = wrapper.framework; name = CoreData.framework; path = System/Library/Frameworks/CoreData.framework; sourceTree = SDKROOT; };
		824A9DB01724CA1400C9BD79 /* CoreLocation.framework */ = {isa = PBXFileReference; lastKnownFileType = wrapper.framework; name = CoreLocation.framework; path = System/Library/Frameworks/CoreLocation.framework; sourceTree = SDKROOT; };
		824A9DB21724CA1C00C9BD79 /* CoreMedia.framework */ = {isa = PBXFileReference; lastKnownFileType = wrapper.framework; name = CoreMedia.framework; path = System/Library/Frameworks/CoreMedia.framework; sourceTree = SDKROOT; };
		824A9DB41724CA5000C9BD79 /* MediaPlayer.framework */ = {isa = PBXFileReference; lastKnownFileType = wrapper.framework; name = MediaPlayer.framework; path = System/Library/Frameworks/MediaPlayer.framework; sourceTree = SDKROOT; };
		824A9DB61724CA5700C9BD79 /* MessageUI.framework */ = {isa = PBXFileReference; lastKnownFileType = wrapper.framework; name = MessageUI.framework; path = System/Library/Frameworks/MessageUI.framework; sourceTree = SDKROOT; };
		824A9DB81724CAA900C9BD79 /* MobileCoreServices.framework */ = {isa = PBXFileReference; lastKnownFileType = wrapper.framework; name = MobileCoreServices.framework; path = System/Library/Frameworks/MobileCoreServices.framework; sourceTree = SDKROOT; };
		824A9DBA1724CAB100C9BD79 /* QuartzCore.framework */ = {isa = PBXFileReference; lastKnownFileType = wrapper.framework; name = QuartzCore.framework; path = System/Library/Frameworks/QuartzCore.framework; sourceTree = SDKROOT; };
		824A9DBC1724CAB900C9BD79 /* Security.framework */ = {isa = PBXFileReference; lastKnownFileType = wrapper.framework; name = Security.framework; path = System/Library/Frameworks/Security.framework; sourceTree = SDKROOT; };
		824A9DBE1724CAF900C9BD79 /* SystemConfiguration.framework */ = {isa = PBXFileReference; lastKnownFileType = wrapper.framework; name = SystemConfiguration.framework; path = System/Library/Frameworks/SystemConfiguration.framework; sourceTree = SDKROOT; };
		824A9DC01724CE4600C9BD79 /* config.xml */ = {isa = PBXFileReference; fileEncoding = 4; lastKnownFileType = text.xml; name = config.xml; path = ../../../../shared/hybrid/config.xml; sourceTree = "<group>"; };
		82638F0A19B8E1FD00FBB3C9 /* UIApplication+SalesforceHybridSDK.h */ = {isa = PBXFileReference; fileEncoding = 4; lastKnownFileType = sourcecode.c.h; name = "UIApplication+SalesforceHybridSDK.h"; path = "../../../../shared/hybrid/UIApplication+SalesforceHybridSDK.h"; sourceTree = "<group>"; };
		82638F0B19B8E1FD00FBB3C9 /* UIApplication+SalesforceHybridSDK.m */ = {isa = PBXFileReference; fileEncoding = 4; lastKnownFileType = sourcecode.c.objc; name = "UIApplication+SalesforceHybridSDK.m"; path = "../../../../shared/hybrid/UIApplication+SalesforceHybridSDK.m"; sourceTree = "<group>"; };
		8272301A19D764160066A350 /* InitialViewController.h */ = {isa = PBXFileReference; fileEncoding = 4; lastKnownFileType = sourcecode.c.h; name = InitialViewController.h; path = ../../../../shared/hybrid/InitialViewController.h; sourceTree = "<group>"; };
		8272301B19D764160066A350 /* InitialViewController.m */ = {isa = PBXFileReference; fileEncoding = 4; lastKnownFileType = sourcecode.c.objc; name = InitialViewController.m; path = ../../../../shared/hybrid/InitialViewController.m; sourceTree = "<group>"; };
		829DA26A1C1263010040F5F1 /* SalesforceHybridSDK.xcodeproj */ = {isa = PBXFileReference; lastKnownFileType = "wrapper.pb-project"; name = SalesforceHybridSDK.xcodeproj; path = ../../../libs/SalesforceHybridSDK/SalesforceHybridSDK.xcodeproj; sourceTree = "<group>"; };
		82AF5AA51A0DA996006C7A4B /* cordova_plugins.js */ = {isa = PBXFileReference; fileEncoding = 4; lastKnownFileType = sourcecode.javascript; name = cordova_plugins.js; path = ../../../../shared/hybrid/cordova_plugins.js; sourceTree = "<group>"; };
		82AF5ADF1A0DADA4006C7A4B /* CDVLogger.h */ = {isa = PBXFileReference; fileEncoding = 4; lastKnownFileType = sourcecode.c.h; path = CDVLogger.h; sourceTree = "<group>"; };
		82AF5AE01A0DADA4006C7A4B /* CDVLogger.m */ = {isa = PBXFileReference; fileEncoding = 4; lastKnownFileType = sourcecode.c.objc; path = CDVLogger.m; sourceTree = "<group>"; };
		82AF5AE41A0DADA4006C7A4B /* console-via-logger.js */ = {isa = PBXFileReference; fileEncoding = 4; lastKnownFileType = sourcecode.javascript; path = "console-via-logger.js"; sourceTree = "<group>"; };
		82AF5AE51A0DADA4006C7A4B /* logger.js */ = {isa = PBXFileReference; fileEncoding = 4; lastKnownFileType = sourcecode.javascript; path = logger.js; sourceTree = "<group>"; };
		82E8560A1D88ABBF0000EECB /* NoteSync.entitlements */ = {isa = PBXFileReference; lastKnownFileType = text.plist.entitlements; path = NoteSync.entitlements; sourceTree = "<group>"; };
		B7168F911FACC2E100A48DB5 /* LaunchScreen.storyboard */ = {isa = PBXFileReference; fileEncoding = 4; lastKnownFileType = file.storyboard; name = LaunchScreen.storyboard; path = "../../../../external/SalesforceMobileSDK-iOS/shared/resources/LaunchScreen.storyboard"; sourceTree = "<group>"; };
		CE15E3AE2213E940003BBAC7 /* SalesforceSDKCommon.xcodeproj */ = {isa = PBXFileReference; lastKnownFileType = "wrapper.pb-project"; name = SalesforceSDKCommon.xcodeproj; path = "../../../external/SalesforceMobileSDK-iOS/libs/SalesforceSDKCommon/SalesforceSDKCommon.xcodeproj"; sourceTree = "<group>"; };
		CE15E3BD2213E943003BBAC7 /* SalesforceAnalytics.xcodeproj */ = {isa = PBXFileReference; lastKnownFileType = "wrapper.pb-project"; name = SalesforceAnalytics.xcodeproj; path = "../../../external/SalesforceMobileSDK-iOS/libs/SalesforceAnalytics/SalesforceAnalytics.xcodeproj"; sourceTree = "<group>"; };
		CE15E3CD2213E947003BBAC7 /* SalesforceSDKCore.xcodeproj */ = {isa = PBXFileReference; lastKnownFileType = "wrapper.pb-project"; name = SalesforceSDKCore.xcodeproj; path = "../../../external/SalesforceMobileSDK-iOS/libs/SalesforceSDKCore/SalesforceSDKCore.xcodeproj"; sourceTree = "<group>"; };
		CE15E3DD2213E94B003BBAC7 /* MobileSync.xcodeproj */ = {isa = PBXFileReference; lastKnownFileType = "wrapper.pb-project"; name = MobileSync.xcodeproj; path = "../../../external/SalesforceMobileSDK-iOS/libs/MobileSync/MobileSync.xcodeproj"; sourceTree = "<group>"; };
		CE15E3ED2213E94E003BBAC7 /* SmartStore.xcodeproj */ = {isa = PBXFileReference; lastKnownFileType = "wrapper.pb-project"; name = SmartStore.xcodeproj; path = "../../../external/SalesforceMobileSDK-iOS/libs/SmartStore/SmartStore.xcodeproj"; sourceTree = "<group>"; };
		CE6AB3BF1C10CBB90012125E /* libz.tbd */ = {isa = PBXFileReference; lastKnownFileType = "sourcecode.text-based-dylib-definition"; name = libz.tbd; path = usr/lib/libz.tbd; sourceTree = SDKROOT; };
		CE6AB3C11C10CBC50012125E /* libxml2.tbd */ = {isa = PBXFileReference; lastKnownFileType = "sourcecode.text-based-dylib-definition"; name = libxml2.tbd; path = usr/lib/libxml2.tbd; sourceTree = SDKROOT; };
		CE7BA16C1D8CA3CC000B91D7 /* com.salesforce.plugin.network.js */ = {isa = PBXFileReference; fileEncoding = 4; lastKnownFileType = sourcecode.javascript; path = com.salesforce.plugin.network.js; sourceTree = "<group>"; };
		CE7BA16D1D8CA3CC000B91D7 /* com.salesforce.util.push.js */ = {isa = PBXFileReference; fileEncoding = 4; lastKnownFileType = sourcecode.javascript; path = com.salesforce.util.push.js; sourceTree = "<group>"; };
		CEBDA05F1D3C04E700DBDBD0 /* CDVAppDelegate.h */ = {isa = PBXFileReference; fileEncoding = 4; lastKnownFileType = sourcecode.c.h; name = CDVAppDelegate.h; path = ../../../../shared/hybrid/CDVAppDelegate.h; sourceTree = "<group>"; };
		CEBDA0601D3C04E700DBDBD0 /* CDVAppDelegate.m */ = {isa = PBXFileReference; fileEncoding = 4; lastKnownFileType = sourcecode.c.objc; name = CDVAppDelegate.m; path = ../../../../shared/hybrid/CDVAppDelegate.m; sourceTree = "<group>"; };
		CEBDA0B41D3C05DF00DBDBD0 /* MainViewController.h */ = {isa = PBXFileReference; fileEncoding = 4; lastKnownFileType = sourcecode.c.h; name = MainViewController.h; path = ../../../../shared/hybrid/MainViewController.h; sourceTree = "<group>"; };
		CEBDA0B51D3C05DF00DBDBD0 /* MainViewController.m */ = {isa = PBXFileReference; fileEncoding = 4; lastKnownFileType = sourcecode.c.objc; name = MainViewController.m; path = ../../../../shared/hybrid/MainViewController.m; sourceTree = "<group>"; };
		CEBDA0B61D3C05DF00DBDBD0 /* MainViewController.xib */ = {isa = PBXFileReference; fileEncoding = 4; lastKnownFileType = file.xib; name = MainViewController.xib; path = ../../../../shared/hybrid/MainViewController.xib; sourceTree = "<group>"; };
		CED747251E8C82370019AA9D /* CDVWKProcessPoolFactory.h */ = {isa = PBXFileReference; fileEncoding = 4; lastKnownFileType = sourcecode.c.h; name = CDVWKProcessPoolFactory.h; path = "../../../external/cordova-plugin-wkwebview-engine/src/ios/CDVWKProcessPoolFactory.h"; sourceTree = "<group>"; };
		CED747261E8C82370019AA9D /* CDVWKProcessPoolFactory.m */ = {isa = PBXFileReference; fileEncoding = 4; lastKnownFileType = sourcecode.c.objc; name = CDVWKProcessPoolFactory.m; path = "../../../external/cordova-plugin-wkwebview-engine/src/ios/CDVWKProcessPoolFactory.m"; sourceTree = "<group>"; };
		CED747271E8C82370019AA9D /* CDVWKWebViewEngine.h */ = {isa = PBXFileReference; fileEncoding = 4; lastKnownFileType = sourcecode.c.h; name = CDVWKWebViewEngine.h; path = "../../../external/cordova-plugin-wkwebview-engine/src/ios/CDVWKWebViewEngine.h"; sourceTree = "<group>"; };
		CED747281E8C82370019AA9D /* CDVWKWebViewEngine.m */ = {isa = PBXFileReference; fileEncoding = 4; lastKnownFileType = sourcecode.c.objc; name = CDVWKWebViewEngine.m; path = "../../../external/cordova-plugin-wkwebview-engine/src/ios/CDVWKWebViewEngine.m"; sourceTree = "<group>"; };
		CED747291E8C82370019AA9D /* CDVWKWebViewUIDelegate.h */ = {isa = PBXFileReference; fileEncoding = 4; lastKnownFileType = sourcecode.c.h; name = CDVWKWebViewUIDelegate.h; path = "../../../external/cordova-plugin-wkwebview-engine/src/ios/CDVWKWebViewUIDelegate.h"; sourceTree = "<group>"; };
		CED7472A1E8C82370019AA9D /* CDVWKWebViewUIDelegate.m */ = {isa = PBXFileReference; fileEncoding = 4; lastKnownFileType = sourcecode.c.objc; name = CDVWKWebViewUIDelegate.m; path = "../../../external/cordova-plugin-wkwebview-engine/src/ios/CDVWKWebViewUIDelegate.m"; sourceTree = "<group>"; };
		CED747391E8C82D80019AA9D /* ios-wkwebview-exec.js */ = {isa = PBXFileReference; fileEncoding = 4; lastKnownFileType = sourcecode.javascript; name = "ios-wkwebview-exec.js"; path = "../../../external/cordova-plugin-wkwebview-engine/src/www/ios/ios-wkwebview-exec.js"; sourceTree = "<group>"; };
		CED747451E8C86D90019AA9D /* WebKit.framework */ = {isa = PBXFileReference; lastKnownFileType = wrapper.framework; name = WebKit.framework; path = System/Library/Frameworks/WebKit.framework; sourceTree = SDKROOT; };
		CEEF96A41EB7CEB20059CA79 /* CordovaLib.xcodeproj */ = {isa = PBXFileReference; lastKnownFileType = "wrapper.pb-project"; name = CordovaLib.xcodeproj; path = "../../../external/cordova-ios/cordova-ios/CordovaLib/CordovaLib.xcodeproj"; sourceTree = "<group>"; };
/* End PBXFileReference section */

/* Begin PBXFrameworksBuildPhase section */
		824A9BCB1721FCA400C9BD79 /* Frameworks */ = {
			isa = PBXFrameworksBuildPhase;
			buildActionMask = 2147483647;
			files = (
				CE15E4002213E971003BBAC7 /* SmartStore.framework in Frameworks */,
				CE15E4012213E971003BBAC7 /* MobileSync.framework in Frameworks */,
				CE15E3FD2213E969003BBAC7 /* SalesforceAnalytics.framework in Frameworks */,
				CE15E3FE2213E969003BBAC7 /* SalesforceSDKCommon.framework in Frameworks */,
				CE15E3FF2213E969003BBAC7 /* SalesforceSDKCore.framework in Frameworks */,
				CEEF96D21EB7CECC0059CA79 /* Cordova.framework in Frameworks */,
				CED747461E8C86D90019AA9D /* WebKit.framework in Frameworks */,
				CE6AB3C01C10CBB90012125E /* libz.tbd in Frameworks */,
				CE6AB3C21C10CBC50012125E /* libxml2.tbd in Frameworks */,
				4FF15E26190884C600705FE0 /* AssetsLibrary.framework in Frameworks */,
				4F22155F19DF549400FF2D26 /* ImageIO.framework in Frameworks */,
				824A9DA61724C98900C9BD79 /* AddressBook.framework in Frameworks */,
				824A9DA71724C98900C9BD79 /* AddressBookUI.framework in Frameworks */,
				824A9DA91724C99800C9BD79 /* AudioToolbox.framework in Frameworks */,
				824A9DAB1724C9C900C9BD79 /* AVFoundation.framework in Frameworks */,
				824A9DAD1724C9D100C9BD79 /* CFNetwork.framework in Frameworks */,
				8236ADE21C4DB3EF004B69B8 /* SalesforceHybridSDK.framework in Frameworks */,
				824A9DAF1724C9DB00C9BD79 /* CoreData.framework in Frameworks */,
				824A9BD61721FCA400C9BD79 /* CoreGraphics.framework in Frameworks */,
				824A9DB11724CA1400C9BD79 /* CoreLocation.framework in Frameworks */,
				824A9DB31724CA1C00C9BD79 /* CoreMedia.framework in Frameworks */,
				824A9BD41721FCA400C9BD79 /* Foundation.framework in Frameworks */,
				824A9DB51724CA5000C9BD79 /* MediaPlayer.framework in Frameworks */,
				824A9DB71724CA5700C9BD79 /* MessageUI.framework in Frameworks */,
				824A9DB91724CAA900C9BD79 /* MobileCoreServices.framework in Frameworks */,
				824A9DBB1724CAB100C9BD79 /* QuartzCore.framework in Frameworks */,
				824A9DBD1724CAB900C9BD79 /* Security.framework in Frameworks */,
				824A9DBF1724CAF900C9BD79 /* SystemConfiguration.framework in Frameworks */,
				824A9BD21721FCA400C9BD79 /* UIKit.framework in Frameworks */,
			);
			runOnlyForDeploymentPostprocessing = 0;
		};
/* End PBXFrameworksBuildPhase section */

/* Begin PBXGroup section */
		4FC2768B19DCBB1B008F4AA6 /* css */ = {
			isa = PBXGroup;
			children = (
				4FC276C519DCC9BD008F4AA6 /* ratchet-theme-ios.css */,
				4FC2768C19DCBB1B008F4AA6 /* ratchet.css */,
				4FC2768D19DCBB1B008F4AA6 /* styles.css */,
			);
			name = css;
			path = ../../../../external/shared/samples/notesync/css;
			sourceTree = "<group>";
		};
		4FC2768E19DCBB1B008F4AA6 /* js */ = {
			isa = PBXGroup;
			children = (
				4FD3FC451DB05B4400646D6D /* force+promise.js */,
				4FC2768F19DCBB1B008F4AA6 /* auth.js */,
				4FC2769019DCBB1B008F4AA6 /* backbone-min.js */,
				4FC2769319DCBB1B008F4AA6 /* fastclick.js */,
				4F5B96131DA86949001627F2 /* force.js */,
				4FC2769619DCBB1B008F4AA6 /* jquery.min.js */,
				4FC2769A19DCBB1B008F4AA6 /* mobilesync.js */,
				4FC2769B19DCBB1B008F4AA6 /* stackrouter.js */,
				4FC2769C19DCBB1B008F4AA6 /* underscore-min.js */,
			);
			name = js;
			path = ../../../../external/shared/samples/notesync/js;
			sourceTree = "<group>";
		};
		4FF15E5F1908852E00705FE0 /* plugins */ = {
			isa = PBXGroup;
			children = (
				4FF15E601908852E00705FE0 /* com.salesforce */,
			);
			name = plugins;
			path = ../../../../external/shared/gen/plugins_with_define;
			sourceTree = "<group>";
		};
		4FF15E601908852E00705FE0 /* com.salesforce */ = {
			isa = PBXGroup;
			children = (
				4F5B96951DAD9EAD001627F2 /* com.salesforce.plugin.smartstore.client.js */,
				4F5B96961DAD9EAD001627F2 /* com.salesforce.util.promiser.js */,
				CE7BA16C1D8CA3CC000B91D7 /* com.salesforce.plugin.network.js */,
				CE7BA16D1D8CA3CC000B91D7 /* com.salesforce.util.push.js */,
				4FC2768519DCBAA3008F4AA6 /* com.salesforce.plugin.mobilesync.js */,
				4FF15E611908852E00705FE0 /* com.salesforce.plugin.oauth.js */,
				4FF15E621908852E00705FE0 /* com.salesforce.plugin.sdkinfo.js */,
				4FF15E631908852E00705FE0 /* com.salesforce.plugin.sfaccountmanager.js */,
				4FF15E641908852E00705FE0 /* com.salesforce.plugin.smartstore.js */,
				4FF15E651908852E00705FE0 /* com.salesforce.util.bootstrap.js */,
				4FF15E661908852E00705FE0 /* com.salesforce.util.event.js */,
				4FF15E671908852E00705FE0 /* com.salesforce.util.exec.js */,
				4FF15E681908852E00705FE0 /* com.salesforce.util.logger.js */,
			);
			path = com.salesforce;
			sourceTree = "<group>";
		};
		824A9BC51721FCA400C9BD79 = {
			isa = PBXGroup;
			children = (
				CED746CE1E8C81C20019AA9D /* cordova-plugin-wkwebview-engine */,
				82AF5ADD1A0DADA4006C7A4B /* cordova-plugin-console */,
				824A9BD71721FCA400C9BD79 /* NoteSync */,
				824A9BD01721FCA400C9BD79 /* Frameworks */,
				824A9BCF1721FCA400C9BD79 /* Products */,
			);
			sourceTree = "<group>";
		};
		824A9BCF1721FCA400C9BD79 /* Products */ = {
			isa = PBXGroup;
			children = (
				824A9BCE1721FCA400C9BD79 /* NoteSync.app */,
			);
			name = Products;
			sourceTree = "<group>";
		};
		824A9BD01721FCA400C9BD79 /* Frameworks */ = {
			isa = PBXGroup;
			children = (
				CE15E3ED2213E94E003BBAC7 /* SmartStore.xcodeproj */,
				CE15E3DD2213E94B003BBAC7 /* MobileSync.xcodeproj */,
				CE15E3CD2213E947003BBAC7 /* SalesforceSDKCore.xcodeproj */,
				CE15E3BD2213E943003BBAC7 /* SalesforceAnalytics.xcodeproj */,
				CE15E3AE2213E940003BBAC7 /* SalesforceSDKCommon.xcodeproj */,
				CED747451E8C86D90019AA9D /* WebKit.framework */,
				829DA26A1C1263010040F5F1 /* SalesforceHybridSDK.xcodeproj */,
				CEEF96A41EB7CEB20059CA79 /* CordovaLib.xcodeproj */,
				CE6AB3C11C10CBC50012125E /* libxml2.tbd */,
				CE6AB3BF1C10CBB90012125E /* libz.tbd */,
				4F22155E19DF549400FF2D26 /* ImageIO.framework */,
				4FF15E25190884C600705FE0 /* AssetsLibrary.framework */,
				824A9DA41724C98900C9BD79 /* AddressBook.framework */,
				824A9DA51724C98900C9BD79 /* AddressBookUI.framework */,
				824A9DA81724C99800C9BD79 /* AudioToolbox.framework */,
				824A9DAA1724C9C900C9BD79 /* AVFoundation.framework */,
				824A9DAC1724C9D100C9BD79 /* CFNetwork.framework */,
				824A9DAE1724C9DB00C9BD79 /* CoreData.framework */,
				824A9BD51721FCA400C9BD79 /* CoreGraphics.framework */,
				824A9DB01724CA1400C9BD79 /* CoreLocation.framework */,
				824A9DB21724CA1C00C9BD79 /* CoreMedia.framework */,
				824A9BD31721FCA400C9BD79 /* Foundation.framework */,
				824A9DB41724CA5000C9BD79 /* MediaPlayer.framework */,
				824A9DB61724CA5700C9BD79 /* MessageUI.framework */,
				824A9DB81724CAA900C9BD79 /* MobileCoreServices.framework */,
				824A9DBA1724CAB100C9BD79 /* QuartzCore.framework */,
				824A9DBC1724CAB900C9BD79 /* Security.framework */,
				824A9DBE1724CAF900C9BD79 /* SystemConfiguration.framework */,
				824A9BD11721FCA400C9BD79 /* UIKit.framework */,
			);
			name = Frameworks;
			sourceTree = "<group>";
		};
		824A9BD71721FCA400C9BD79 /* NoteSync */ = {
			isa = PBXGroup;
			children = (
				82E8560A1D88ABBF0000EECB /* NoteSync.entitlements */,
				824A9BF91721FE1100C9BD79 /* readme.md */,
				824A9BFB1721FE7E00C9BD79 /* shared-www */,
				824A9C5E1722021D00C9BD79 /* Classes */,
				824A9C5B1722018E00C9BD79 /* Resources */,
				824A9BD81721FCA400C9BD79 /* Supporting Files */,
			);
			path = NoteSync;
			sourceTree = "<group>";
		};
		824A9BD81721FCA400C9BD79 /* Supporting Files */ = {
			isa = PBXGroup;
			children = (
				824A9DC01724CE4600C9BD79 /* config.xml */,
				824A9BD91721FCA400C9BD79 /* NoteSync-Info.plist */,
				824A9BDA1721FCA400C9BD79 /* InfoPlist.strings */,
				824A9BDD1721FCA400C9BD79 /* main.m */,
				824A9BDF1721FCA400C9BD79 /* NoteSync-Prefix.pch */,
			);
			name = "Supporting Files";
			sourceTree = "<group>";
		};
		824A9BFB1721FE7E00C9BD79 /* shared-www */ = {
			isa = PBXGroup;
			children = (
				4FC2768719DCBAD5008F4AA6 /* bootconfig.json */,
				4FF15E9C1908860100705FE0 /* cordova.js */,
				82AF5AA51A0DA996006C7A4B /* cordova_plugins.js */,
				4FC2768B19DCBB1B008F4AA6 /* css */,
				4FC2768E19DCBB1B008F4AA6 /* js */,
				4FF15E5F1908852E00705FE0 /* plugins */,
				4FC2768819DCBAD5008F4AA6 /* NoteSync.html */,
			);
			name = "shared-www";
			sourceTree = "<group>";
		};
		824A9C5B1722018E00C9BD79 /* Resources */ = {
			isa = PBXGroup;
			children = (
				B7168F911FACC2E100A48DB5 /* LaunchScreen.storyboard */,
				8230E2451A24181500EFE764 /* Images.xcassets */,
			);
			name = Resources;
			sourceTree = "<group>";
		};
		824A9C5E1722021D00C9BD79 /* Classes */ = {
			isa = PBXGroup;
			children = (
				CEBDA0B41D3C05DF00DBDBD0 /* MainViewController.h */,
				CEBDA0B51D3C05DF00DBDBD0 /* MainViewController.m */,
				CEBDA0B61D3C05DF00DBDBD0 /* MainViewController.xib */,
				CEBDA05F1D3C04E700DBDBD0 /* CDVAppDelegate.h */,
				CEBDA0601D3C04E700DBDBD0 /* CDVAppDelegate.m */,
				4F6D839619525B66003EBB16 /* AppDelegate+SalesforceHybridSDK.m */,
				4F6D839719525B66003EBB16 /* AppDelegate+SalesforceHybridSDK.h */,
				4F6D839819525B66003EBB16 /* AppDelegate.m */,
				4F6D839919525B66003EBB16 /* AppDelegate.h */,
				8272301A19D764160066A350 /* InitialViewController.h */,
				8272301B19D764160066A350 /* InitialViewController.m */,
				82638F0A19B8E1FD00FBB3C9 /* UIApplication+SalesforceHybridSDK.h */,
				82638F0B19B8E1FD00FBB3C9 /* UIApplication+SalesforceHybridSDK.m */,
				4F1FD07E1A95593A006E1795 /* SFContentSoqlSyncDownTarget.h */,
				4F1FD07F1A9559D3006E1795 /* SFContentSoqlSyncDownTarget.m */,
			);
			name = Classes;
			sourceTree = "<group>";
		};
		829DA26B1C1263010040F5F1 /* Products */ = {
			isa = PBXGroup;
			children = (
				829DA2721C1263010040F5F1 /* SalesforceHybridSDK.framework */,
				829DA2741C1263010040F5F1 /* SalesforceHybridSDKTestApp.app */,
				829DA2761C1263010040F5F1 /* SalesforceHybridSDKTests.xctest */,
				82C5E4061C1B63CE00376C00 /* libSalesforceHybridSDK.a */,
			);
			name = Products;
			sourceTree = "<group>";
		};
		82AF5ADD1A0DADA4006C7A4B /* cordova-plugin-console */ = {
			isa = PBXGroup;
			children = (
				82AF5ADE1A0DADA4006C7A4B /* Classes */,
				82AF5AE11A0DADA4006C7A4B /* www */,
			);
			name = "cordova-plugin-console";
			path = "../../../shared/hybrid/dependencies/plugins/cordova-plugin-console";
			sourceTree = "<group>";
		};
		82AF5ADE1A0DADA4006C7A4B /* Classes */ = {
			isa = PBXGroup;
			children = (
				82AF5ADF1A0DADA4006C7A4B /* CDVLogger.h */,
				82AF5AE01A0DADA4006C7A4B /* CDVLogger.m */,
			);
			path = Classes;
			sourceTree = "<group>";
		};
		82AF5AE11A0DADA4006C7A4B /* www */ = {
			isa = PBXGroup;
			children = (
				82AF5AE21A0DADA4006C7A4B /* org.apache.cordova.console */,
			);
			path = www;
			sourceTree = "<group>";
		};
		82AF5AE21A0DADA4006C7A4B /* org.apache.cordova.console */ = {
			isa = PBXGroup;
			children = (
				82AF5AE31A0DADA4006C7A4B /* www */,
			);
			path = org.apache.cordova.console;
			sourceTree = "<group>";
		};
		82AF5AE31A0DADA4006C7A4B /* www */ = {
			isa = PBXGroup;
			children = (
				82AF5AE41A0DADA4006C7A4B /* console-via-logger.js */,
				82AF5AE51A0DADA4006C7A4B /* logger.js */,
			);
			path = www;
			sourceTree = "<group>";
		};
		CE15E3AF2213E940003BBAC7 /* Products */ = {
			isa = PBXGroup;
			children = (
				CE15E3B62213E940003BBAC7 /* SalesforceSDKCommon.framework */,
				CE15E3B82213E940003BBAC7 /* SalesforceSDKCommonTests.xctest */,
				CE15E3BA2213E940003BBAC7 /* SalesforceSDKCommonTestApp.app */,
				CE15E3BC2213E940003BBAC7 /* libSalesforceSDKCommon.a */,
			);
			name = Products;
			sourceTree = "<group>";
		};
		CE15E3BE2213E943003BBAC7 /* Products */ = {
			isa = PBXGroup;
			children = (
				CE15E3C62213E943003BBAC7 /* SalesforceAnalytics.framework */,
				CE15E3C82213E943003BBAC7 /* SalesforceAnalyticsTests.xctest */,
				CE15E3CA2213E943003BBAC7 /* libSalesforceAnalytics.a */,
				CE15E3CC2213E943003BBAC7 /* SalesforceAnalyticsTestApp.app */,
			);
			name = Products;
			sourceTree = "<group>";
		};
		CE15E3CE2213E947003BBAC7 /* Products */ = {
			isa = PBXGroup;
			children = (
				CE15E3D62213E947003BBAC7 /* SalesforceSDKCore.framework */,
				CE15E3D82213E947003BBAC7 /* SalesforceSDKCoreTestApp.app */,
				CE15E3DA2213E947003BBAC7 /* SalesforceSDKCoreTests.xctest */,
				CE15E3DC2213E947003BBAC7 /* libSalesforceSDKCore.a */,
			);
			name = Products;
			sourceTree = "<group>";
		};
		CE15E3DE2213E94B003BBAC7 /* Products */ = {
			isa = PBXGroup;
			children = (
				CE15E3E62213E94B003BBAC7 /* MobileSync.framework */,
				CE15E3E82213E94B003BBAC7 /* MobileSyncTestApp.app */,
				CE15E3EA2213E94B003BBAC7 /* MobileSyncTests.xctest */,
				CE15E3EC2213E94B003BBAC7 /* libMobileSync.a */,
			);
			name = Products;
			sourceTree = "<group>";
		};
		CE15E3EE2213E94E003BBAC7 /* Products */ = {
			isa = PBXGroup;
			children = (
				CE15E3F62213E94E003BBAC7 /* SmartStore.framework */,
				CE15E3F82213E94E003BBAC7 /* SmartStoreTestApp.app */,
				CE15E3FA2213E94E003BBAC7 /* SmartStoreTests.xctest */,
				CE15E3FC2213E94E003BBAC7 /* libSmartStore.a */,
			);
			name = Products;
			sourceTree = "<group>";
		};
		CED746CE1E8C81C20019AA9D /* cordova-plugin-wkwebview-engine */ = {
			isa = PBXGroup;
			children = (
				CED747191E8C81EC0019AA9D /* Classes */,
				CED747181E8C81E60019AA9D /* www */,
			);
			name = "cordova-plugin-wkwebview-engine";
			sourceTree = "<group>";
		};
		CED747181E8C81E60019AA9D /* www */ = {
			isa = PBXGroup;
			children = (
				CED747391E8C82D80019AA9D /* ios-wkwebview-exec.js */,
			);
			name = www;
			sourceTree = "<group>";
		};
		CED747191E8C81EC0019AA9D /* Classes */ = {
			isa = PBXGroup;
			children = (
				CED747251E8C82370019AA9D /* CDVWKProcessPoolFactory.h */,
				CED747261E8C82370019AA9D /* CDVWKProcessPoolFactory.m */,
				CED747271E8C82370019AA9D /* CDVWKWebViewEngine.h */,
				CED747281E8C82370019AA9D /* CDVWKWebViewEngine.m */,
				CED747291E8C82370019AA9D /* CDVWKWebViewUIDelegate.h */,
				CED7472A1E8C82370019AA9D /* CDVWKWebViewUIDelegate.m */,
			);
			name = Classes;
			sourceTree = "<group>";
		};
		CEEF96A51EB7CEB20059CA79 /* Products */ = {
			isa = PBXGroup;
			children = (
				CEEF96AA1EB7CEB30059CA79 /* libCordova.a */,
				CEEF96AC1EB7CEB30059CA79 /* Cordova.framework */,
			);
			name = Products;
			sourceTree = "<group>";
		};
/* End PBXGroup section */

/* Begin PBXNativeTarget section */
		824A9BCD1721FCA400C9BD79 /* NoteSync */ = {
			isa = PBXNativeTarget;
			buildConfigurationList = 824A9BF41721FCA400C9BD79 /* Build configuration list for PBXNativeTarget "NoteSync" */;
			buildPhases = (
				824A9BCA1721FCA400C9BD79 /* Sources */,
				824A9BCB1721FCA400C9BD79 /* Frameworks */,
				824A9BCC1721FCA400C9BD79 /* Resources */,
				824A9D6B1724C35700C9BD79 /* Copy Shared www Files */,
				824A9D6F1724C3B100C9BD79 /* Copy css Files */,
				824A9D711724C3DB00C9BD79 /* Copy js Files */,
				824A9D7A1724C51500C9BD79 /* Copy plugins Files */,
				82AF5AE91A0DADFB006C7A4B /* Copy cordova-plugin-console plugin */,
				CED7473F1E8C83690019AA9D /* Copy cordova-plugin-wkwebview-engine */,
				4F6D6959228E3354008C8A96 /* Embed Frameworks */,
			);
			buildRules = (
			);
			dependencies = (
				CEEF96D11EB7CEC00059CA79 /* PBXTargetDependency */,
				829DA2781C1263260040F5F1 /* PBXTargetDependency */,
				8236ADE51C4DB3EF004B69B8 /* PBXTargetDependency */,
				4F6D6927228E3353008C8A96 /* PBXTargetDependency */,
				4F6D6930228E3353008C8A96 /* PBXTargetDependency */,
				4F6D6939228E3353008C8A96 /* PBXTargetDependency */,
				4F6D6942228E3353008C8A96 /* PBXTargetDependency */,
				4F6D694B228E3353008C8A96 /* PBXTargetDependency */,
				4F6D6953228E3353008C8A96 /* PBXTargetDependency */,
				4F6D6958228E3353008C8A96 /* PBXTargetDependency */,
			);
			name = NoteSync;
			productName = NoteSync;
			productReference = 824A9BCE1721FCA400C9BD79 /* NoteSync.app */;
			productType = "com.apple.product-type.application";
		};
/* End PBXNativeTarget section */

/* Begin PBXProject section */
		824A9BC61721FCA400C9BD79 /* Project object */ = {
			isa = PBXProject;
			attributes = {
				LastUpgradeCheck = 1030;
				ORGANIZATIONNAME = salesforce.com;
				TargetAttributes = {
					824A9BCD1721FCA400C9BD79 = {
						SystemCapabilities = {
							com.apple.Keychain = {
								enabled = 1;
							};
						};
					};
				};
			};
			buildConfigurationList = 824A9BC91721FCA400C9BD79 /* Build configuration list for PBXProject "NoteSync" */;
			compatibilityVersion = "Xcode 10.0";
			developmentRegion = en;
			hasScannedForEncodings = 0;
			knownRegions = (
				en,
				Base,
			);
			mainGroup = 824A9BC51721FCA400C9BD79;
			productRefGroup = 824A9BCF1721FCA400C9BD79 /* Products */;
			projectDirPath = "";
			projectReferences = (
				{
					ProductGroup = CEEF96A51EB7CEB20059CA79 /* Products */;
					ProjectRef = CEEF96A41EB7CEB20059CA79 /* CordovaLib.xcodeproj */;
				},
				{
					ProductGroup = CE15E3BE2213E943003BBAC7 /* Products */;
					ProjectRef = CE15E3BD2213E943003BBAC7 /* SalesforceAnalytics.xcodeproj */;
				},
				{
					ProductGroup = 829DA26B1C1263010040F5F1 /* Products */;
					ProjectRef = 829DA26A1C1263010040F5F1 /* SalesforceHybridSDK.xcodeproj */;
				},
				{
					ProductGroup = CE15E3AF2213E940003BBAC7 /* Products */;
					ProjectRef = CE15E3AE2213E940003BBAC7 /* SalesforceSDKCommon.xcodeproj */;
				},
				{
					ProductGroup = CE15E3CE2213E947003BBAC7 /* Products */;
					ProjectRef = CE15E3CD2213E947003BBAC7 /* SalesforceSDKCore.xcodeproj */;
				},
				{
					ProductGroup = CE15E3EE2213E94E003BBAC7 /* Products */;
					ProjectRef = CE15E3ED2213E94E003BBAC7 /* SmartStore.xcodeproj */;
				},
				{
					ProductGroup = CE15E3DE2213E94B003BBAC7 /* Products */;
					ProjectRef = CE15E3DD2213E94B003BBAC7 /* MobileSync.xcodeproj */;
				},
			);
			projectRoot = "";
			targets = (
				824A9BCD1721FCA400C9BD79 /* NoteSync */,
			);
		};
/* End PBXProject section */

/* Begin PBXReferenceProxy section */
		829DA2721C1263010040F5F1 /* SalesforceHybridSDK.framework */ = {
			isa = PBXReferenceProxy;
			fileType = wrapper.framework;
			path = SalesforceHybridSDK.framework;
			remoteRef = 829DA2711C1263010040F5F1 /* PBXContainerItemProxy */;
			sourceTree = BUILT_PRODUCTS_DIR;
		};
		829DA2741C1263010040F5F1 /* SalesforceHybridSDKTestApp.app */ = {
			isa = PBXReferenceProxy;
			fileType = wrapper.application;
			path = SalesforceHybridSDKTestApp.app;
			remoteRef = 829DA2731C1263010040F5F1 /* PBXContainerItemProxy */;
			sourceTree = BUILT_PRODUCTS_DIR;
		};
		829DA2761C1263010040F5F1 /* SalesforceHybridSDKTests.xctest */ = {
			isa = PBXReferenceProxy;
			fileType = wrapper.cfbundle;
			path = SalesforceHybridSDKTests.xctest;
			remoteRef = 829DA2751C1263010040F5F1 /* PBXContainerItemProxy */;
			sourceTree = BUILT_PRODUCTS_DIR;
		};
		82C5E4061C1B63CE00376C00 /* libSalesforceHybridSDK.a */ = {
			isa = PBXReferenceProxy;
			fileType = archive.ar;
			path = libSalesforceHybridSDK.a;
			remoteRef = 82C5E4051C1B63CE00376C00 /* PBXContainerItemProxy */;
			sourceTree = BUILT_PRODUCTS_DIR;
		};
		CE15E3B62213E940003BBAC7 /* SalesforceSDKCommon.framework */ = {
			isa = PBXReferenceProxy;
			fileType = wrapper.framework;
			path = SalesforceSDKCommon.framework;
			remoteRef = CE15E3B52213E940003BBAC7 /* PBXContainerItemProxy */;
			sourceTree = BUILT_PRODUCTS_DIR;
		};
		CE15E3B82213E940003BBAC7 /* SalesforceSDKCommonTests.xctest */ = {
			isa = PBXReferenceProxy;
			fileType = wrapper.cfbundle;
			path = SalesforceSDKCommonTests.xctest;
			remoteRef = CE15E3B72213E940003BBAC7 /* PBXContainerItemProxy */;
			sourceTree = BUILT_PRODUCTS_DIR;
		};
		CE15E3BA2213E940003BBAC7 /* SalesforceSDKCommonTestApp.app */ = {
			isa = PBXReferenceProxy;
			fileType = wrapper.application;
			path = SalesforceSDKCommonTestApp.app;
			remoteRef = CE15E3B92213E940003BBAC7 /* PBXContainerItemProxy */;
			sourceTree = BUILT_PRODUCTS_DIR;
		};
		CE15E3BC2213E940003BBAC7 /* libSalesforceSDKCommon.a */ = {
			isa = PBXReferenceProxy;
			fileType = archive.ar;
			path = libSalesforceSDKCommon.a;
			remoteRef = CE15E3BB2213E940003BBAC7 /* PBXContainerItemProxy */;
			sourceTree = BUILT_PRODUCTS_DIR;
		};
		CE15E3C62213E943003BBAC7 /* SalesforceAnalytics.framework */ = {
			isa = PBXReferenceProxy;
			fileType = wrapper.framework;
			path = SalesforceAnalytics.framework;
			remoteRef = CE15E3C52213E943003BBAC7 /* PBXContainerItemProxy */;
			sourceTree = BUILT_PRODUCTS_DIR;
		};
		CE15E3C82213E943003BBAC7 /* SalesforceAnalyticsTests.xctest */ = {
			isa = PBXReferenceProxy;
			fileType = wrapper.cfbundle;
			path = SalesforceAnalyticsTests.xctest;
			remoteRef = CE15E3C72213E943003BBAC7 /* PBXContainerItemProxy */;
			sourceTree = BUILT_PRODUCTS_DIR;
		};
		CE15E3CA2213E943003BBAC7 /* libSalesforceAnalytics.a */ = {
			isa = PBXReferenceProxy;
			fileType = archive.ar;
			path = libSalesforceAnalytics.a;
			remoteRef = CE15E3C92213E943003BBAC7 /* PBXContainerItemProxy */;
			sourceTree = BUILT_PRODUCTS_DIR;
		};
		CE15E3CC2213E943003BBAC7 /* SalesforceAnalyticsTestApp.app */ = {
			isa = PBXReferenceProxy;
			fileType = wrapper.application;
			path = SalesforceAnalyticsTestApp.app;
			remoteRef = CE15E3CB2213E943003BBAC7 /* PBXContainerItemProxy */;
			sourceTree = BUILT_PRODUCTS_DIR;
		};
		CE15E3D62213E947003BBAC7 /* SalesforceSDKCore.framework */ = {
			isa = PBXReferenceProxy;
			fileType = wrapper.framework;
			path = SalesforceSDKCore.framework;
			remoteRef = CE15E3D52213E947003BBAC7 /* PBXContainerItemProxy */;
			sourceTree = BUILT_PRODUCTS_DIR;
		};
		CE15E3D82213E947003BBAC7 /* SalesforceSDKCoreTestApp.app */ = {
			isa = PBXReferenceProxy;
			fileType = wrapper.application;
			path = SalesforceSDKCoreTestApp.app;
			remoteRef = CE15E3D72213E947003BBAC7 /* PBXContainerItemProxy */;
			sourceTree = BUILT_PRODUCTS_DIR;
		};
		CE15E3DA2213E947003BBAC7 /* SalesforceSDKCoreTests.xctest */ = {
			isa = PBXReferenceProxy;
			fileType = wrapper.cfbundle;
			path = SalesforceSDKCoreTests.xctest;
			remoteRef = CE15E3D92213E947003BBAC7 /* PBXContainerItemProxy */;
			sourceTree = BUILT_PRODUCTS_DIR;
		};
		CE15E3DC2213E947003BBAC7 /* libSalesforceSDKCore.a */ = {
			isa = PBXReferenceProxy;
			fileType = archive.ar;
			path = libSalesforceSDKCore.a;
			remoteRef = CE15E3DB2213E947003BBAC7 /* PBXContainerItemProxy */;
			sourceTree = BUILT_PRODUCTS_DIR;
		};
		CE15E3E62213E94B003BBAC7 /* MobileSync.framework */ = {
			isa = PBXReferenceProxy;
			fileType = wrapper.framework;
			path = MobileSync.framework;
			remoteRef = CE15E3E52213E94B003BBAC7 /* PBXContainerItemProxy */;
			sourceTree = BUILT_PRODUCTS_DIR;
		};
		CE15E3E82213E94B003BBAC7 /* MobileSyncTestApp.app */ = {
			isa = PBXReferenceProxy;
			fileType = wrapper.application;
			path = MobileSyncTestApp.app;
			remoteRef = CE15E3E72213E94B003BBAC7 /* PBXContainerItemProxy */;
			sourceTree = BUILT_PRODUCTS_DIR;
		};
		CE15E3EA2213E94B003BBAC7 /* MobileSyncTests.xctest */ = {
			isa = PBXReferenceProxy;
			fileType = wrapper.cfbundle;
			path = MobileSyncTests.xctest;
			remoteRef = CE15E3E92213E94B003BBAC7 /* PBXContainerItemProxy */;
			sourceTree = BUILT_PRODUCTS_DIR;
		};
		CE15E3EC2213E94B003BBAC7 /* libMobileSync.a */ = {
			isa = PBXReferenceProxy;
			fileType = archive.ar;
			path = libMobileSync.a;
			remoteRef = CE15E3EB2213E94B003BBAC7 /* PBXContainerItemProxy */;
			sourceTree = BUILT_PRODUCTS_DIR;
		};
		CE15E3F62213E94E003BBAC7 /* SmartStore.framework */ = {
			isa = PBXReferenceProxy;
			fileType = wrapper.framework;
			path = SmartStore.framework;
			remoteRef = CE15E3F52213E94E003BBAC7 /* PBXContainerItemProxy */;
			sourceTree = BUILT_PRODUCTS_DIR;
		};
		CE15E3F82213E94E003BBAC7 /* SmartStoreTestApp.app */ = {
			isa = PBXReferenceProxy;
			fileType = wrapper.application;
			path = SmartStoreTestApp.app;
			remoteRef = CE15E3F72213E94E003BBAC7 /* PBXContainerItemProxy */;
			sourceTree = BUILT_PRODUCTS_DIR;
		};
		CE15E3FA2213E94E003BBAC7 /* SmartStoreTests.xctest */ = {
			isa = PBXReferenceProxy;
			fileType = wrapper.cfbundle;
			path = SmartStoreTests.xctest;
			remoteRef = CE15E3F92213E94E003BBAC7 /* PBXContainerItemProxy */;
			sourceTree = BUILT_PRODUCTS_DIR;
		};
		CE15E3FC2213E94E003BBAC7 /* libSmartStore.a */ = {
			isa = PBXReferenceProxy;
			fileType = archive.ar;
			path = libSmartStore.a;
			remoteRef = CE15E3FB2213E94E003BBAC7 /* PBXContainerItemProxy */;
			sourceTree = BUILT_PRODUCTS_DIR;
		};
		CEEF96AA1EB7CEB30059CA79 /* libCordova.a */ = {
			isa = PBXReferenceProxy;
			fileType = archive.ar;
			path = libCordova.a;
			remoteRef = CEEF96A91EB7CEB30059CA79 /* PBXContainerItemProxy */;
			sourceTree = BUILT_PRODUCTS_DIR;
		};
		CEEF96AC1EB7CEB30059CA79 /* Cordova.framework */ = {
			isa = PBXReferenceProxy;
			fileType = wrapper.framework;
			path = Cordova.framework;
			remoteRef = CEEF96AB1EB7CEB30059CA79 /* PBXContainerItemProxy */;
			sourceTree = BUILT_PRODUCTS_DIR;
		};
/* End PBXReferenceProxy section */

/* Begin PBXResourcesBuildPhase section */
		824A9BCC1721FCA400C9BD79 /* Resources */ = {
			isa = PBXResourcesBuildPhase;
			buildActionMask = 2147483647;
			files = (
				8230E2461A24181500EFE764 /* Images.xcassets in Resources */,
				4FC276B019DCBC6E008F4AA6 /* config.xml in Resources */,
				4FC276B119DCBC6E008F4AA6 /* InfoPlist.strings in Resources */,
				B7168F921FACC2E100A48DB5 /* LaunchScreen.storyboard in Resources */,
				CED7473A1E8C82D80019AA9D /* ios-wkwebview-exec.js in Resources */,
				CEBDA0B81D3C05DF00DBDBD0 /* MainViewController.xib in Resources */,
			);
			runOnlyForDeploymentPostprocessing = 0;
		};
/* End PBXResourcesBuildPhase section */

/* Begin PBXSourcesBuildPhase section */
		824A9BCA1721FCA400C9BD79 /* Sources */ = {
			isa = PBXSourcesBuildPhase;
			buildActionMask = 2147483647;
			files = (
				CED7472B1E8C82370019AA9D /* CDVWKProcessPoolFactory.m in Sources */,
				8272301C19D764160066A350 /* InitialViewController.m in Sources */,
				82AF5AE61A0DADA4006C7A4B /* CDVLogger.m in Sources */,
				4F6D839A19525B66003EBB16 /* AppDelegate+SalesforceHybridSDK.m in Sources */,
				4F1FD0801A9559D3006E1795 /* SFContentSoqlSyncDownTarget.m in Sources */,
				CEBDA0B71D3C05DF00DBDBD0 /* MainViewController.m in Sources */,
				CED7472C1E8C82370019AA9D /* CDVWKWebViewEngine.m in Sources */,
				CEBDA0611D3C04E700DBDBD0 /* CDVAppDelegate.m in Sources */,
				CED7472D1E8C82370019AA9D /* CDVWKWebViewUIDelegate.m in Sources */,
				824A9BDE1721FCA400C9BD79 /* main.m in Sources */,
				82638F0C19B8E1FD00FBB3C9 /* UIApplication+SalesforceHybridSDK.m in Sources */,
				4F6D839B19525B66003EBB16 /* AppDelegate.m in Sources */,
			);
			runOnlyForDeploymentPostprocessing = 0;
		};
/* End PBXSourcesBuildPhase section */

/* Begin PBXTargetDependency section */
		4F6D6927228E3353008C8A96 /* PBXTargetDependency */ = {
			isa = PBXTargetDependency;
			name = SalesforceSDKCommon;
			targetProxy = 4F6D6926228E3353008C8A96 /* PBXContainerItemProxy */;
		};
		4F6D6930228E3353008C8A96 /* PBXTargetDependency */ = {
			isa = PBXTargetDependency;
			name = SalesforceAnalytics;
			targetProxy = 4F6D692F228E3353008C8A96 /* PBXContainerItemProxy */;
		};
		4F6D6939228E3353008C8A96 /* PBXTargetDependency */ = {
			isa = PBXTargetDependency;
			name = SalesforceSDKCore;
			targetProxy = 4F6D6938228E3353008C8A96 /* PBXContainerItemProxy */;
		};
		4F6D6942228E3353008C8A96 /* PBXTargetDependency */ = {
			isa = PBXTargetDependency;
			name = MobileSync;
			targetProxy = 4F6D6941228E3353008C8A96 /* PBXContainerItemProxy */;
		};
		4F6D694B228E3353008C8A96 /* PBXTargetDependency */ = {
			isa = PBXTargetDependency;
			name = SmartStore;
			targetProxy = 4F6D694A228E3353008C8A96 /* PBXContainerItemProxy */;
		};
		4F6D6953228E3353008C8A96 /* PBXTargetDependency */ = {
			isa = PBXTargetDependency;
			name = SalesforceHybridSDK;
			targetProxy = 4F6D6952228E3353008C8A96 /* PBXContainerItemProxy */;
		};
		4F6D6958228E3353008C8A96 /* PBXTargetDependency */ = {
			isa = PBXTargetDependency;
			name = Cordova;
			targetProxy = 4F6D6957228E3353008C8A96 /* PBXContainerItemProxy */;
		};
		8236ADE51C4DB3EF004B69B8 /* PBXTargetDependency */ = {
			isa = PBXTargetDependency;
			name = SalesforceHybridSDK;
			targetProxy = 8236ADE41C4DB3EF004B69B8 /* PBXContainerItemProxy */;
		};
		829DA2781C1263260040F5F1 /* PBXTargetDependency */ = {
			isa = PBXTargetDependency;
			name = SalesforceHybridSDK;
			targetProxy = 829DA2771C1263260040F5F1 /* PBXContainerItemProxy */;
		};
		CEEF96D11EB7CEC00059CA79 /* PBXTargetDependency */ = {
			isa = PBXTargetDependency;
			name = Cordova;
			targetProxy = CEEF96D01EB7CEC00059CA79 /* PBXContainerItemProxy */;
		};
/* End PBXTargetDependency section */

/* Begin PBXVariantGroup section */
		824A9BDA1721FCA400C9BD79 /* InfoPlist.strings */ = {
			isa = PBXVariantGroup;
			children = (
				824A9BDB1721FCA400C9BD79 /* en */,
			);
			name = InfoPlist.strings;
			sourceTree = "<group>";
		};
/* End PBXVariantGroup section */

/* Begin XCBuildConfiguration section */
		824A9BF21721FCA400C9BD79 /* Debug */ = {
			isa = XCBuildConfiguration;
			buildSettings = {
				ALWAYS_SEARCH_USER_PATHS = YES;
				ASSETCATALOG_NOTICES = NO;
				ASSETCATALOG_WARNINGS = NO;
				CLANG_ANALYZER_LOCALIZABILITY_NONLOCALIZED = YES;
				CLANG_CXX_LANGUAGE_STANDARD = "gnu++0x";
				CLANG_CXX_LIBRARY = "libc++";
				CLANG_ENABLE_OBJC_ARC = YES;
				CLANG_WARN_BLOCK_CAPTURE_AUTORELEASING = YES;
				CLANG_WARN_BOOL_CONVERSION = YES;
				CLANG_WARN_COMMA = YES;
				CLANG_WARN_CONSTANT_CONVERSION = YES;
				CLANG_WARN_DEPRECATED_OBJC_IMPLEMENTATIONS = YES;
				CLANG_WARN_EMPTY_BODY = YES;
				CLANG_WARN_ENUM_CONVERSION = YES;
				CLANG_WARN_INFINITE_RECURSION = YES;
				CLANG_WARN_INT_CONVERSION = YES;
				CLANG_WARN_NON_LITERAL_NULL_CONVERSION = YES;
				CLANG_WARN_OBJC_IMPLICIT_RETAIN_SELF = YES;
				CLANG_WARN_OBJC_LITERAL_CONVERSION = YES;
				CLANG_WARN_RANGE_LOOP_ANALYSIS = YES;
				CLANG_WARN_STRICT_PROTOTYPES = YES;
				CLANG_WARN_SUSPICIOUS_MOVE = YES;
				CLANG_WARN_UNREACHABLE_CODE = YES;
				CLANG_WARN__DUPLICATE_METHOD_MATCH = YES;
				"CODE_SIGN_IDENTITY[sdk=iphoneos*]" = "iPhone Developer";
				COPY_PHASE_STRIP = NO;
				ENABLE_STRICT_OBJC_MSGSEND = YES;
				ENABLE_TESTABILITY = YES;
				GCC_C_LANGUAGE_STANDARD = gnu99;
				GCC_DYNAMIC_NO_PIC = NO;
				GCC_NO_COMMON_BLOCKS = YES;
				GCC_OPTIMIZATION_LEVEL = 0;
				GCC_PREPROCESSOR_DEFINITIONS = (
					"DEBUG=1",
					"$(inherited)",
				);
				GCC_SYMBOLS_PRIVATE_EXTERN = NO;
				GCC_WARN_64_TO_32_BIT_CONVERSION = YES;
				GCC_WARN_ABOUT_RETURN_TYPE = YES;
				GCC_WARN_UNDECLARED_SELECTOR = YES;
				GCC_WARN_UNINITIALIZED_AUTOS = YES;
				GCC_WARN_UNUSED_FUNCTION = YES;
				GCC_WARN_UNUSED_VARIABLE = YES;
				HEADER_SEARCH_PATHS = (
					"$(BUILT_PRODUCTS_DIR)/Headers",
					"$(OBJROOT)/UninstalledProducts/Headers",
					"$(OBJROOT)/UninstalledProducts/$(PLATFORM_NAME)/include",
					"$(PROJECT_DIR)/../../../external/cordova-ios/cordova-ios/CordovaLib/Classes/**",
				);
				IPHONEOS_DEPLOYMENT_TARGET = 12.2;
				LIBRARY_SEARCH_PATHS = "\"$(SRCROOT)/../../../external/ThirdPartyDependencies/sqlcipher\"";
				ONLY_ACTIVE_ARCH = YES;
				OTHER_LDFLAGS = "";
				SDKROOT = iphoneos;
				TARGETED_DEVICE_FAMILY = "1,2";
			};
			name = Debug;
		};
		824A9BF31721FCA400C9BD79 /* Release */ = {
			isa = XCBuildConfiguration;
			buildSettings = {
				ALWAYS_SEARCH_USER_PATHS = YES;
				ASSETCATALOG_NOTICES = NO;
				ASSETCATALOG_WARNINGS = NO;
				CLANG_ANALYZER_LOCALIZABILITY_NONLOCALIZED = YES;
				CLANG_CXX_LANGUAGE_STANDARD = "gnu++0x";
				CLANG_CXX_LIBRARY = "libc++";
				CLANG_ENABLE_OBJC_ARC = YES;
				CLANG_WARN_BLOCK_CAPTURE_AUTORELEASING = YES;
				CLANG_WARN_BOOL_CONVERSION = YES;
				CLANG_WARN_COMMA = YES;
				CLANG_WARN_CONSTANT_CONVERSION = YES;
				CLANG_WARN_DEPRECATED_OBJC_IMPLEMENTATIONS = YES;
				CLANG_WARN_EMPTY_BODY = YES;
				CLANG_WARN_ENUM_CONVERSION = YES;
				CLANG_WARN_INFINITE_RECURSION = YES;
				CLANG_WARN_INT_CONVERSION = YES;
				CLANG_WARN_NON_LITERAL_NULL_CONVERSION = YES;
				CLANG_WARN_OBJC_IMPLICIT_RETAIN_SELF = YES;
				CLANG_WARN_OBJC_LITERAL_CONVERSION = YES;
				CLANG_WARN_RANGE_LOOP_ANALYSIS = YES;
				CLANG_WARN_STRICT_PROTOTYPES = YES;
				CLANG_WARN_SUSPICIOUS_MOVE = YES;
				CLANG_WARN_UNREACHABLE_CODE = YES;
				CLANG_WARN__DUPLICATE_METHOD_MATCH = YES;
				"CODE_SIGN_IDENTITY[sdk=iphoneos*]" = "iPhone Developer";
				COPY_PHASE_STRIP = YES;
				ENABLE_STRICT_OBJC_MSGSEND = YES;
				GCC_C_LANGUAGE_STANDARD = gnu99;
				GCC_NO_COMMON_BLOCKS = YES;
				GCC_WARN_64_TO_32_BIT_CONVERSION = YES;
				GCC_WARN_ABOUT_RETURN_TYPE = YES;
				GCC_WARN_UNDECLARED_SELECTOR = YES;
				GCC_WARN_UNINITIALIZED_AUTOS = YES;
				GCC_WARN_UNUSED_FUNCTION = YES;
				GCC_WARN_UNUSED_VARIABLE = YES;
				HEADER_SEARCH_PATHS = (
					"$(BUILT_PRODUCTS_DIR)/Headers",
					"$(OBJROOT)/UninstalledProducts/Headers",
					"$(OBJROOT)/UninstalledProducts/$(PLATFORM_NAME)/include",
					"$(PROJECT_DIR)/../../../external/cordova-ios/cordova-ios/CordovaLib/Classes/**",
				);
				IPHONEOS_DEPLOYMENT_TARGET = 12.2;
				LIBRARY_SEARCH_PATHS = "\"$(SRCROOT)/../../../external/ThirdPartyDependencies/sqlcipher\"";
				OTHER_CFLAGS = "-DNS_BLOCK_ASSERTIONS=1";
				OTHER_LDFLAGS = "";
				SDKROOT = iphoneos;
				TARGETED_DEVICE_FAMILY = "1,2";
				VALIDATE_PRODUCT = YES;
			};
			name = Release;
		};
		824A9BF51721FCA400C9BD79 /* Debug */ = {
			isa = XCBuildConfiguration;
			buildSettings = {
				ASSETCATALOG_COMPILER_APPICON_NAME = AppIcon;
				BUNDLE_PREFIX = com.salesforce.mobilesdk;
				CODE_SIGN_ENTITLEMENTS = NoteSync/NoteSync.entitlements;
				GCC_PRECOMPILE_PREFIX_HEADER = YES;
				GCC_PREFIX_HEADER = "NoteSync/NoteSync-Prefix.pch";
				INFOPLIST_FILE = "NoteSync/NoteSync-Info.plist";
				IPHONEOS_DEPLOYMENT_TARGET = 12.2;
				LD_RUNPATH_SEARCH_PATHS = (
					"$(inherited)",
					"@executable_path/Frameworks",
				);
				OTHER_LDFLAGS = "-ObjC";
				PRODUCT_BUNDLE_IDENTIFIER = "${BUNDLE_PREFIX}.${PRODUCT_NAME:rfc1034identifier}";
				PRODUCT_NAME = "$(TARGET_NAME)";
				USER_HEADER_SEARCH_PATHS = "";
				WRAPPER_EXTENSION = app;
			};
			name = Debug;
		};
		824A9BF61721FCA400C9BD79 /* Release */ = {
			isa = XCBuildConfiguration;
			buildSettings = {
				ASSETCATALOG_COMPILER_APPICON_NAME = AppIcon;
				BUNDLE_PREFIX = com.salesforce.mobilesdk;
				CODE_SIGN_ENTITLEMENTS = NoteSync/NoteSync.entitlements;
				GCC_PRECOMPILE_PREFIX_HEADER = YES;
				GCC_PREFIX_HEADER = "NoteSync/NoteSync-Prefix.pch";
				INFOPLIST_FILE = "NoteSync/NoteSync-Info.plist";
				IPHONEOS_DEPLOYMENT_TARGET = 12.2;
				LD_RUNPATH_SEARCH_PATHS = (
					"$(inherited)",
					"@executable_path/Frameworks",
				);
				OTHER_LDFLAGS = "-ObjC";
				PRODUCT_BUNDLE_IDENTIFIER = "${BUNDLE_PREFIX}.${PRODUCT_NAME:rfc1034identifier}";
				PRODUCT_NAME = "$(TARGET_NAME)";
				USER_HEADER_SEARCH_PATHS = "";
				WRAPPER_EXTENSION = app;
			};
			name = Release;
		};
/* End XCBuildConfiguration section */

/* Begin XCConfigurationList section */
		824A9BC91721FCA400C9BD79 /* Build configuration list for PBXProject "NoteSync" */ = {
			isa = XCConfigurationList;
			buildConfigurations = (
				824A9BF21721FCA400C9BD79 /* Debug */,
				824A9BF31721FCA400C9BD79 /* Release */,
			);
			defaultConfigurationIsVisible = 0;
			defaultConfigurationName = Release;
		};
		824A9BF41721FCA400C9BD79 /* Build configuration list for PBXNativeTarget "NoteSync" */ = {
			isa = XCConfigurationList;
			buildConfigurations = (
				824A9BF51721FCA400C9BD79 /* Debug */,
				824A9BF61721FCA400C9BD79 /* Release */,
			);
			defaultConfigurationIsVisible = 0;
			defaultConfigurationName = Release;
		};
/* End XCConfigurationList section */
	};
	rootObject = 824A9BC61721FCA400C9BD79 /* Project object */;
}
